// !$*UTF8*$!
{
	archiveVersion = 1;
	classes = {
	};
	objectVersion = 51;
	objects = {

/* Begin PBXBuildFile section */
		00D8E072B54F39DD85A467E7 /* ProfileViewOutput.swift in Sources */ = {isa = PBXBuildFile; fileRef = 111C69DB48C127B70AEB8425 /* ProfileViewOutput.swift */; };
		017CFD2C32D1ED42AF792AC3 /* PartOneConfigurator.swift in Sources */ = {isa = PBXBuildFile; fileRef = F35109BBB211336601A02486 /* PartOneConfigurator.swift */; };
		01D0D8FA14B04F103ABD28ED /* PartTwoInitializer.swift in Sources */ = {isa = PBXBuildFile; fileRef = 80A583E61C142C0CC53E0C0E /* PartTwoInitializer.swift */; };
		02A2019FD614A6E8A1B7D440 /* HomeConfigurator.swift in Sources */ = {isa = PBXBuildFile; fileRef = C8F41E7CE5F5102FD0B7F7C6 /* HomeConfigurator.swift */; };
		08DF8CBA9767B1410DA537D5 /* HomeViewInput.swift in Sources */ = {isa = PBXBuildFile; fileRef = EA0BD40526FDBE1446EE051C /* HomeViewInput.swift */; };
		0CF9EB8EC5859B8130C098B5 /* LoginViewOutput.swift in Sources */ = {isa = PBXBuildFile; fileRef = C2B71BC5CA949F2608A1A5ED /* LoginViewOutput.swift */; };
		0D6C7DB7F3FE987459DF434E /* PartOneRouter.swift in Sources */ = {isa = PBXBuildFile; fileRef = 1E0582A9BCAF9D69B9722A0A /* PartOneRouter.swift */; };
		0D7456190E7D47C68C2120CC /* PartTwoModuleInput.swift in Sources */ = {isa = PBXBuildFile; fileRef = CCB2734096B2BF7E541D0564 /* PartTwoModuleInput.swift */; };
		10ACB66A7B8744EF55FB4403 /* ProfileConfigurator.swift in Sources */ = {isa = PBXBuildFile; fileRef = 35159AF09DF75A2366860F4C /* ProfileConfigurator.swift */; };
		10B469F177AA9F3F0AB96C8E /* QuestionnaireInformationPresenter.swift in Sources */ = {isa = PBXBuildFile; fileRef = C58025EAE97A5C014AB70019 /* QuestionnaireInformationPresenter.swift */; };
		1223194DED678D1950653EEF /* LoginRouterInput.swift in Sources */ = {isa = PBXBuildFile; fileRef = BA3A373196D936CC5F236E14 /* LoginRouterInput.swift */; };
		15D43D983B87B7FFD8E55355 /* PartTwoViewOutput.swift in Sources */ = {isa = PBXBuildFile; fileRef = 8BA2701761A66E7C34D4307C /* PartTwoViewOutput.swift */; };
		1646F13BC9443402DB8FE154 /* LoginViewInput.swift in Sources */ = {isa = PBXBuildFile; fileRef = E2679E509D7A62456F5F9A6B /* LoginViewInput.swift */; };
		17FBD534EBE6710837F7C99F /* PartOneInteractorInput.swift in Sources */ = {isa = PBXBuildFile; fileRef = 81296C26953E330826FE502A /* PartOneInteractorInput.swift */; };
		17FEC463E3988ED569D7D735 /* EditProfileInitializer.swift in Sources */ = {isa = PBXBuildFile; fileRef = F48BA74ABAF429731418FB2C /* EditProfileInitializer.swift */; };
		192DEE3B04703E1D8DC5ED80 /* EditProfileRouter.swift in Sources */ = {isa = PBXBuildFile; fileRef = 2EC96045CA29338C9EB54008 /* EditProfileRouter.swift */; };
		1B5AF258AC04A3BD49207A88 /* EditProfileViewInput.swift in Sources */ = {isa = PBXBuildFile; fileRef = 4CDF009FEE85E74C3291D3D8 /* EditProfileViewInput.swift */; };
		2C9B7F70C19A715205CAAAD1 /* ProfileRouterInput.swift in Sources */ = {isa = PBXBuildFile; fileRef = DBE99706CD905B1F205DA090 /* ProfileRouterInput.swift */; };
		2E0690C8CB8A641AF0325D9A /* PartTwoRouter.swift in Sources */ = {isa = PBXBuildFile; fileRef = CC0D45EF187CF9399AAD7B70 /* PartTwoRouter.swift */; };
		3358CAA52155747380817F4C /* PartOnePresenter.swift in Sources */ = {isa = PBXBuildFile; fileRef = D11AB4B5A401C54704205833 /* PartOnePresenter.swift */; };
		378DA78916A92911B3A5828E /* PartTwoConfigurator.swift in Sources */ = {isa = PBXBuildFile; fileRef = 6A2CF88F83BA9F5BAA82FAA1 /* PartTwoConfigurator.swift */; };
		4414DA36759B5E4B0536E26C /* LoginModuleInput.swift in Sources */ = {isa = PBXBuildFile; fileRef = 9DE05D7DC7D0F5FCFB1FBBC5 /* LoginModuleInput.swift */; };
		441F3317B9AEFEDA1B6AFAB4 /* PartOneRouterInput.swift in Sources */ = {isa = PBXBuildFile; fileRef = 923790B8C0376BF3C5D38BE7 /* PartOneRouterInput.swift */; };
		471F7AAC7D4E093EB84D74F0 /* EditProfileViewOutput.swift in Sources */ = {isa = PBXBuildFile; fileRef = 33C0E6E0A9B0BEAAC407EAEA /* EditProfileViewOutput.swift */; };
		4818BB7F7770EFA69A1C4F19 /* LoginRouter.swift in Sources */ = {isa = PBXBuildFile; fileRef = ED74E495257405CBE4E377DA /* LoginRouter.swift */; };
		4A60F2FDA7E57644ADC92310 /* EditProfileConfigurator.swift in Sources */ = {isa = PBXBuildFile; fileRef = 9199689686D3BC630544756D /* EditProfileConfigurator.swift */; };
		557D253E557C3B7F2496E347 /* QuestionnaireInformationViewInput.swift in Sources */ = {isa = PBXBuildFile; fileRef = 81718FEB106A315253598624 /* QuestionnaireInformationViewInput.swift */; };
		5977EBADB1CFBE2E7414042B /* HomeInteractorInput.swift in Sources */ = {isa = PBXBuildFile; fileRef = E8F00316893D22D622CA5DB3 /* HomeInteractorInput.swift */; };
		5D02BF57260646F30053E96C /* User.swift in Sources */ = {isa = PBXBuildFile; fileRef = 5D02BF56260646F30053E96C /* User.swift */; };
		5D02BF5A260647310053E96C /* ProfileService.swift in Sources */ = {isa = PBXBuildFile; fileRef = 5D02BF59260647310053E96C /* ProfileService.swift */; };
		5D02BF5D260647850053E96C /* ProfileServiceImp.swift in Sources */ = {isa = PBXBuildFile; fileRef = 5D02BF5C260647850053E96C /* ProfileServiceImp.swift */; };
		5D02BF69260743260053E96C /* UserValidationError.swift in Sources */ = {isa = PBXBuildFile; fileRef = 5D02BF68260743260053E96C /* UserValidationError.swift */; };
		5D02BF6F2607880C0053E96C /* UIViewInput.swift in Sources */ = {isa = PBXBuildFile; fileRef = 5D02BF6E2607880C0053E96C /* UIViewInput.swift */; };
		5D02BF7E26091C0E0053E96C /* Strings.swift in Sources */ = {isa = PBXBuildFile; fileRef = 5D02BF7D26091C0E0053E96C /* Strings.swift */; };
		5D02BF8E26092B8C0053E96C /* Profile.storyboard in Resources */ = {isa = PBXBuildFile; fileRef = 5D02BF8D26092B8C0053E96C /* Profile.storyboard */; };
		5D02BF94260A6FCF0053E96C /* ProfileServiceError.swift in Sources */ = {isa = PBXBuildFile; fileRef = 5D02BF93260A6FCF0053E96C /* ProfileServiceError.swift */; };
		5D02BF9B260A7D890053E96C /* RoundedButton.swift in Sources */ = {isa = PBXBuildFile; fileRef = 5D02BF9A260A7D890053E96C /* RoundedButton.swift */; };
		5D4BAB7309550600B010EA3B /* LoginInitializer.swift in Sources */ = {isa = PBXBuildFile; fileRef = F1B7C7D50B4ADBD3295F62F3 /* LoginInitializer.swift */; };
		5D4EE0CF260F1B0B004A6AE4 /* QuestionBank.swift in Sources */ = {isa = PBXBuildFile; fileRef = 5D4EE0CE260F1B0B004A6AE4 /* QuestionBank.swift */; };
		5D4EE0D2260F1BC4004A6AE4 /* QuestionBankImp.swift in Sources */ = {isa = PBXBuildFile; fileRef = 5D4EE0D1260F1BC4004A6AE4 /* QuestionBankImp.swift */; };
		5D4EE0EE261322D7004A6AE4 /* QuestionPartOne.swift in Sources */ = {isa = PBXBuildFile; fileRef = 5D4EE0ED261322D7004A6AE4 /* QuestionPartOne.swift */; };
		5D4EE0F126132301004A6AE4 /* AnswerPartOne.swift in Sources */ = {isa = PBXBuildFile; fileRef = 5D4EE0F026132301004A6AE4 /* AnswerPartOne.swift */; };
		5D4EE0F926135D3A004A6AE4 /* QuestionPartTwo.swift in Sources */ = {isa = PBXBuildFile; fileRef = 5D4EE0F826135D3A004A6AE4 /* QuestionPartTwo.swift */; };
		5D4EE0FC261360F3004A6AE4 /* QuestionError.swift in Sources */ = {isa = PBXBuildFile; fileRef = 5D4EE0FB261360F3004A6AE4 /* QuestionError.swift */; };
		5D4EE10026136B31004A6AE4 /* Option.swift in Sources */ = {isa = PBXBuildFile; fileRef = 5D4EE0FF26136B31004A6AE4 /* Option.swift */; };
		5D4EE106261493AD004A6AE4 /* AnswerPartTwo.swift in Sources */ = {isa = PBXBuildFile; fileRef = 5D4EE105261493AD004A6AE4 /* AnswerPartTwo.swift */; };
		5D4EE11B26165243004A6AE4 /* TestVC.swift in Sources */ = {isa = PBXBuildFile; fileRef = 5D4EE11A26165242004A6AE4 /* TestVC.swift */; };
		5D4EE12026178722004A6AE4 /* SelectableImage.swift in Sources */ = {isa = PBXBuildFile; fileRef = 5D4EE11F26178721004A6AE4 /* SelectableImage.swift */; };
		5D59042B260CFBE900988CCA /* MainRouter.swift in Sources */ = {isa = PBXBuildFile; fileRef = 5D59042A260CFBE900988CCA /* MainRouter.swift */; };
		5D59042F260D071600988CCA /* Login.storyboard in Resources */ = {isa = PBXBuildFile; fileRef = 5D59042E260D071600988CCA /* Login.storyboard */; };
		5D590435260D0E6E00988CCA /* Home.storyboard in Resources */ = {isa = PBXBuildFile; fileRef = 5D590434260D0E6E00988CCA /* Home.storyboard */; };
		5D78324B260633CA00156AC1 /* AppDelegate.swift in Sources */ = {isa = PBXBuildFile; fileRef = 5D78324A260633CA00156AC1 /* AppDelegate.swift */; };
		5D78324D260633CA00156AC1 /* SceneDelegate.swift in Sources */ = {isa = PBXBuildFile; fileRef = 5D78324C260633CA00156AC1 /* SceneDelegate.swift */; };
		5D783252260633CA00156AC1 /* Main.storyboard in Resources */ = {isa = PBXBuildFile; fileRef = 5D783250260633CA00156AC1 /* Main.storyboard */; };
		5D783254260633CD00156AC1 /* Assets.xcassets in Resources */ = {isa = PBXBuildFile; fileRef = 5D783253260633CD00156AC1 /* Assets.xcassets */; };
		5D783257260633CD00156AC1 /* LaunchScreen.storyboard in Resources */ = {isa = PBXBuildFile; fileRef = 5D783255260633CD00156AC1 /* LaunchScreen.storyboard */; };
		5FCFF3CC1B61E6D4E451EE5D /* EditProfileInteractor.swift in Sources */ = {isa = PBXBuildFile; fileRef = 4A1347D4B113BB111BD6E099 /* EditProfileInteractor.swift */; };
		60A9E5B999CB6C21219BE837 /* Pods_NDA.framework in Frameworks */ = {isa = PBXBuildFile; fileRef = 5A7760F5CE6F8D2E49D6F85E /* Pods_NDA.framework */; };
		63F9B80D50E512200B13E43F /* LoginPresenter.swift in Sources */ = {isa = PBXBuildFile; fileRef = 9C8CE5B39421D8FD06FA75D0 /* LoginPresenter.swift */; };
		67CCE31341F23822B348D3F3 /* HomeInteractor.swift in Sources */ = {isa = PBXBuildFile; fileRef = 328531E896F5F394FFF9CE5C /* HomeInteractor.swift */; };
		686BBC18B32EA1CB240E6531 /* ProfileInteractor.swift in Sources */ = {isa = PBXBuildFile; fileRef = 815E26F4E694FA367662CB7D /* ProfileInteractor.swift */; };
		6F884C196E99FBA6DCCA8740 /* PartTwoInteractor.swift in Sources */ = {isa = PBXBuildFile; fileRef = B1943F113C75420EBA4E9559 /* PartTwoInteractor.swift */; };
		7096C0DAFF12134A51E323C6 /* HomeRouter.swift in Sources */ = {isa = PBXBuildFile; fileRef = 4748E96E9E654DFFD2FC732C /* HomeRouter.swift */; };
		79921E2284BBAAABDB32E79E /* PartOneViewInput.swift in Sources */ = {isa = PBXBuildFile; fileRef = 12266DAB857B20377C19B20D /* PartOneViewInput.swift */; };
		7CD2E0CCDD5D634D12C92757 /* PartTwoPresenter.swift in Sources */ = {isa = PBXBuildFile; fileRef = DDC74527F105CE8B926E2C69 /* PartTwoPresenter.swift */; };
		843A1C7E199D2178B41B4E43 /* QuestionnaireInformationRouterInput.swift in Sources */ = {isa = PBXBuildFile; fileRef = 3BFDB3C32A09D92E192BA1B2 /* QuestionnaireInformationRouterInput.swift */; };
		84442B879FAAC80F02358C14 /* LoginConfigurator.swift in Sources */ = {isa = PBXBuildFile; fileRef = F3836251C4F246AF05F1EBAC /* LoginConfigurator.swift */; };
		8832B6947C68A4799FBD1E37 /* PartTwoInteractorOutput.swift in Sources */ = {isa = PBXBuildFile; fileRef = 6DAC728BFB15FF11CBD60B8F /* PartTwoInteractorOutput.swift */; };
		8A064467CA178D331FCFCCC4 /* EditProfileRouterInput.swift in Sources */ = {isa = PBXBuildFile; fileRef = 7A760EEE5AB523E84670E73C /* EditProfileRouterInput.swift */; };
		8E29A2EB7A600EA95244F955 /* PartOneModuleInput.swift in Sources */ = {isa = PBXBuildFile; fileRef = ACFF1516E6B4F2094C08084A /* PartOneModuleInput.swift */; };
		8EB429E8633DF3553872A4D2 /* QuestionnaireInformationRouter.swift in Sources */ = {isa = PBXBuildFile; fileRef = 51485AB14961D73FEB99329E /* QuestionnaireInformationRouter.swift */; };
		9236D9FC29E43A74B0EF3AD8 /* PartTwoInteractorInput.swift in Sources */ = {isa = PBXBuildFile; fileRef = 20EB94F5E3CC04CAD33FB569 /* PartTwoInteractorInput.swift */; };
		9281AF0CE5C3E4925E07BF69 /* EditProfilePresenter.swift in Sources */ = {isa = PBXBuildFile; fileRef = 96530F8243041035367204A3 /* EditProfilePresenter.swift */; };
		929BC0907F8C0F3D71DF46A4 /* HomeModuleInput.swift in Sources */ = {isa = PBXBuildFile; fileRef = 2BFAB5C2995B02494CCD32DD /* HomeModuleInput.swift */; };
		932538C45D04C98FB5895662 /* PartOneViewOutput.swift in Sources */ = {isa = PBXBuildFile; fileRef = 573F32E4A6EBB7A4E504F9C4 /* PartOneViewOutput.swift */; };
		9659925A4B4CA133202718D3 /* QuestionnaireInformationInteractorInput.swift in Sources */ = {isa = PBXBuildFile; fileRef = 742886BFC99C218A16C4A32E /* QuestionnaireInformationInteractorInput.swift */; };
		9AA33CABD0739CD55B39F682 /* ProfileViewController.swift in Sources */ = {isa = PBXBuildFile; fileRef = 7BE84E24BA164F859669B3E6 /* ProfileViewController.swift */; };
		9ADBA6BDE8DF72FD33820303 /* QuestionnaireInformationViewOutput.swift in Sources */ = {isa = PBXBuildFile; fileRef = 2F139442ECB30DB3D7C48264 /* QuestionnaireInformationViewOutput.swift */; };
		9BCA1B5CF8646383883FCA70 /* QuestionnaireInformationInteractorOutput.swift in Sources */ = {isa = PBXBuildFile; fileRef = 619758CA011798AC5E393A5E /* QuestionnaireInformationInteractorOutput.swift */; };
		9C77F346034E06AC87808015 /* ProfileRouter.swift in Sources */ = {isa = PBXBuildFile; fileRef = B7C4250A0DAAD92E3600B0B6 /* ProfileRouter.swift */; };
		9F9E50C0F04784F2735BF964 /* HomeViewController.swift in Sources */ = {isa = PBXBuildFile; fileRef = 18045ABD4782D0117CAF01F7 /* HomeViewController.swift */; };
		A21789A373AA19F7A2605214 /* EditProfileModuleInput.swift in Sources */ = {isa = PBXBuildFile; fileRef = 593E59F810782BA071A2B2C5 /* EditProfileModuleInput.swift */; };
		A60502BA93B0A7E0CEC146CB /* ProfileViewInput.swift in Sources */ = {isa = PBXBuildFile; fileRef = F4445DE485A9B3AC9C448D37 /* ProfileViewInput.swift */; };
		A6089E902D75EE45910B99DD /* HomeInteractorOutput.swift in Sources */ = {isa = PBXBuildFile; fileRef = 6AAA9185963E7D5CC1A904B7 /* HomeInteractorOutput.swift */; };
		A7429776225118355D6BAB74 /* LoginViewController.swift in Sources */ = {isa = PBXBuildFile; fileRef = 0FEEE4DCF1AB5C1DF2E308E7 /* LoginViewController.swift */; };
		ABEDA70916BDCB60A69F9A21 /* HomePresenter.swift in Sources */ = {isa = PBXBuildFile; fileRef = 3B62BBB16BABF7D609771EE8 /* HomePresenter.swift */; };
		B2FC40F81CFAD0A63EBEFFA0 /* ProfileModuleInput.swift in Sources */ = {isa = PBXBuildFile; fileRef = 8EB828839382F65DE3D36AA3 /* ProfileModuleInput.swift */; };
		B370F4378901868BDA89A8AF /* EditProfileInteractorInput.swift in Sources */ = {isa = PBXBuildFile; fileRef = 638B7EC0A3B0F15761A9E184 /* EditProfileInteractorInput.swift */; };
		B858307B56BCB55CD4960A0E /* QuestionnaireInformationConfigurator.swift in Sources */ = {isa = PBXBuildFile; fileRef = 4800683883F071CD9A22DE5D /* QuestionnaireInformationConfigurator.swift */; };
		BAD3F425831ABD860E58F9AA /* QuestionnaireInformationModuleInput.swift in Sources */ = {isa = PBXBuildFile; fileRef = 1F6402C7DFC1EB3C53953BAD /* QuestionnaireInformationModuleInput.swift */; };
		BD3F299B9950B78CF461F0BB /* PartOneInteractor.swift in Sources */ = {isa = PBXBuildFile; fileRef = 0AA7D3AFF7498CE2A3752B53 /* PartOneInteractor.swift */; };
		BEEDD905BAEAD55DD49B87D8 /* PartOneInitializer.swift in Sources */ = {isa = PBXBuildFile; fileRef = 654CBFEA48E6626D4744CA40 /* PartOneInitializer.swift */; };
		C0DAB015CFC56391C149E295 /* LoginInteractor.swift in Sources */ = {isa = PBXBuildFile; fileRef = 90FB4E7E0B47AB74BFBFF151 /* LoginInteractor.swift */; };
		C38B64397A57C4A89A5749D9 /* EditProfileViewController.swift in Sources */ = {isa = PBXBuildFile; fileRef = B31D11D90CBECD541DE7E33E /* EditProfileViewController.swift */; };
		C3A59BE6961D4DCA53EE99A1 /* PartOneViewController.swift in Sources */ = {isa = PBXBuildFile; fileRef = 3D1F389A3C1F113A32E1E99D /* PartOneViewController.swift */; };
		C3AC3052914D8B18A35BFEEE /* ProfilePresenter.swift in Sources */ = {isa = PBXBuildFile; fileRef = B384BCF37B3609A116E5572A /* ProfilePresenter.swift */; };
		D191874D5C36A451DA90C843 /* HomeRouterInput.swift in Sources */ = {isa = PBXBuildFile; fileRef = 6CAD66F29623AA3B17216D0C /* HomeRouterInput.swift */; };
		D2E7C08E35978B5447637BC6 /* PartTwoViewController.swift in Sources */ = {isa = PBXBuildFile; fileRef = 2C25DD378077A93DFEC4436D /* PartTwoViewController.swift */; };
		D7FFAEC2AD9579F9F0CB41BA /* EditProfileInteractorOutput.swift in Sources */ = {isa = PBXBuildFile; fileRef = 7B9EC0A84C6E57D93D3614CA /* EditProfileInteractorOutput.swift */; };
		DAA4C9E5D01807280EC340BC /* HomeInitializer.swift in Sources */ = {isa = PBXBuildFile; fileRef = 1250BB0D59D9F8AD400F4376 /* HomeInitializer.swift */; };
		DB8BF6EF6BA84D52FF059BD0 /* ProfileInitializer.swift in Sources */ = {isa = PBXBuildFile; fileRef = E6AEF53A284D858D032C0C3B /* ProfileInitializer.swift */; };
		E8BD3F4CDD21FFF85F607F8A /* PartOneInteractorOutput.swift in Sources */ = {isa = PBXBuildFile; fileRef = 6D1009DE4651ADE056484BDB /* PartOneInteractorOutput.swift */; };
		EE76887613F203855534D3C1 /* ProfileInteractorInput.swift in Sources */ = {isa = PBXBuildFile; fileRef = C738189C56B2EFD04A9D3567 /* ProfileInteractorInput.swift */; };
		F0DC894FBA61DAD937D7A777 /* PartTwoRouterInput.swift in Sources */ = {isa = PBXBuildFile; fileRef = 639284663B2D031B24B040C5 /* PartTwoRouterInput.swift */; };
		F2351AB1EE97B1F5CA9C8BC1 /* PartTwoViewInput.swift in Sources */ = {isa = PBXBuildFile; fileRef = 8D075EF3A5BCDA41F7DC8843 /* PartTwoViewInput.swift */; };
		F2BBA9C05FDBC006DCCE9760 /* HomeViewOutput.swift in Sources */ = {isa = PBXBuildFile; fileRef = 4E31B6AE8C3309C4D0A4243B /* HomeViewOutput.swift */; };
		F43FAAC794D9C291C2B9AF83 /* QuestionnaireInformationInitializer.swift in Sources */ = {isa = PBXBuildFile; fileRef = 5E640AB2BCAAE1462F3A8C62 /* QuestionnaireInformationInitializer.swift */; };
		F674D4F3309C281B998F3854 /* ProfileInteractorOutput.swift in Sources */ = {isa = PBXBuildFile; fileRef = 53A430E1045FA1BEE01AEDF6 /* ProfileInteractorOutput.swift */; };
		F798E768B44F6A056F3C927A /* QuestionnaireInformationViewController.swift in Sources */ = {isa = PBXBuildFile; fileRef = 03DE6D45AD0C6D4265C285B1 /* QuestionnaireInformationViewController.swift */; };
		F89FCAC98665C38810FA8280 /* LoginInteractorOutput.swift in Sources */ = {isa = PBXBuildFile; fileRef = 3A5C3B93F2DBE8523749A686 /* LoginInteractorOutput.swift */; };
		F9C3AC0EF0DEAD75DEC8A67D /* LoginInteractorInput.swift in Sources */ = {isa = PBXBuildFile; fileRef = 54D8E37CBE9E7E0796ABEC10 /* LoginInteractorInput.swift */; };
		FF2A817A4EB2AE997EF7ED2A /* QuestionnaireInformationInteractor.swift in Sources */ = {isa = PBXBuildFile; fileRef = EBB68345C88486903A3EE564 /* QuestionnaireInformationInteractor.swift */; };
/* End PBXBuildFile section */

/* Begin PBXFileReference section */
		03DE6D45AD0C6D4265C285B1 /* QuestionnaireInformationViewController.swift */ = {isa = PBXFileReference; includeInIndex = 1; lastKnownFileType = sourcecode.swift; path = QuestionnaireInformationViewController.swift; sourceTree = "<group>"; };
		0AA7D3AFF7498CE2A3752B53 /* PartOneInteractor.swift */ = {isa = PBXFileReference; includeInIndex = 1; lastKnownFileType = sourcecode.swift; path = PartOneInteractor.swift; sourceTree = "<group>"; };
		0FEEE4DCF1AB5C1DF2E308E7 /* LoginViewController.swift */ = {isa = PBXFileReference; includeInIndex = 1; lastKnownFileType = sourcecode.swift; path = LoginViewController.swift; sourceTree = "<group>"; };
		111C69DB48C127B70AEB8425 /* ProfileViewOutput.swift */ = {isa = PBXFileReference; includeInIndex = 1; lastKnownFileType = sourcecode.swift; path = ProfileViewOutput.swift; sourceTree = "<group>"; };
		12266DAB857B20377C19B20D /* PartOneViewInput.swift */ = {isa = PBXFileReference; includeInIndex = 1; lastKnownFileType = sourcecode.swift; path = PartOneViewInput.swift; sourceTree = "<group>"; };
		1250BB0D59D9F8AD400F4376 /* HomeInitializer.swift */ = {isa = PBXFileReference; includeInIndex = 1; lastKnownFileType = sourcecode.swift; path = HomeInitializer.swift; sourceTree = "<group>"; };
		18045ABD4782D0117CAF01F7 /* HomeViewController.swift */ = {isa = PBXFileReference; includeInIndex = 1; lastKnownFileType = sourcecode.swift; path = HomeViewController.swift; sourceTree = "<group>"; };
		1A7A157AF2D4694EF668B4BB /* Pods-NDA.debug.xcconfig */ = {isa = PBXFileReference; includeInIndex = 1; lastKnownFileType = text.xcconfig; name = "Pods-NDA.debug.xcconfig"; path = "Target Support Files/Pods-NDA/Pods-NDA.debug.xcconfig"; sourceTree = "<group>"; };
		1E0582A9BCAF9D69B9722A0A /* PartOneRouter.swift */ = {isa = PBXFileReference; includeInIndex = 1; lastKnownFileType = sourcecode.swift; path = PartOneRouter.swift; sourceTree = "<group>"; };
		1F6402C7DFC1EB3C53953BAD /* QuestionnaireInformationModuleInput.swift */ = {isa = PBXFileReference; includeInIndex = 1; lastKnownFileType = sourcecode.swift; path = QuestionnaireInformationModuleInput.swift; sourceTree = "<group>"; };
		20EB94F5E3CC04CAD33FB569 /* PartTwoInteractorInput.swift */ = {isa = PBXFileReference; includeInIndex = 1; lastKnownFileType = sourcecode.swift; path = PartTwoInteractorInput.swift; sourceTree = "<group>"; };
		2BFAB5C2995B02494CCD32DD /* HomeModuleInput.swift */ = {isa = PBXFileReference; includeInIndex = 1; lastKnownFileType = sourcecode.swift; path = HomeModuleInput.swift; sourceTree = "<group>"; };
		2C25DD378077A93DFEC4436D /* PartTwoViewController.swift */ = {isa = PBXFileReference; includeInIndex = 1; lastKnownFileType = sourcecode.swift; path = PartTwoViewController.swift; sourceTree = "<group>"; };
		2EC96045CA29338C9EB54008 /* EditProfileRouter.swift */ = {isa = PBXFileReference; includeInIndex = 1; lastKnownFileType = sourcecode.swift; path = EditProfileRouter.swift; sourceTree = "<group>"; };
		2F139442ECB30DB3D7C48264 /* QuestionnaireInformationViewOutput.swift */ = {isa = PBXFileReference; includeInIndex = 1; lastKnownFileType = sourcecode.swift; path = QuestionnaireInformationViewOutput.swift; sourceTree = "<group>"; };
		315F67BF625E044E56CB8C18 /* Pods-NDA.release.xcconfig */ = {isa = PBXFileReference; includeInIndex = 1; lastKnownFileType = text.xcconfig; name = "Pods-NDA.release.xcconfig"; path = "Target Support Files/Pods-NDA/Pods-NDA.release.xcconfig"; sourceTree = "<group>"; };
		328531E896F5F394FFF9CE5C /* HomeInteractor.swift */ = {isa = PBXFileReference; includeInIndex = 1; lastKnownFileType = sourcecode.swift; path = HomeInteractor.swift; sourceTree = "<group>"; };
		33C0E6E0A9B0BEAAC407EAEA /* EditProfileViewOutput.swift */ = {isa = PBXFileReference; includeInIndex = 1; lastKnownFileType = sourcecode.swift; path = EditProfileViewOutput.swift; sourceTree = "<group>"; };
		35159AF09DF75A2366860F4C /* ProfileConfigurator.swift */ = {isa = PBXFileReference; includeInIndex = 1; lastKnownFileType = sourcecode.swift; path = ProfileConfigurator.swift; sourceTree = "<group>"; };
		3A5C3B93F2DBE8523749A686 /* LoginInteractorOutput.swift */ = {isa = PBXFileReference; includeInIndex = 1; lastKnownFileType = sourcecode.swift; path = LoginInteractorOutput.swift; sourceTree = "<group>"; };
		3B62BBB16BABF7D609771EE8 /* HomePresenter.swift */ = {isa = PBXFileReference; includeInIndex = 1; lastKnownFileType = sourcecode.swift; path = HomePresenter.swift; sourceTree = "<group>"; };
		3BFDB3C32A09D92E192BA1B2 /* QuestionnaireInformationRouterInput.swift */ = {isa = PBXFileReference; includeInIndex = 1; lastKnownFileType = sourcecode.swift; path = QuestionnaireInformationRouterInput.swift; sourceTree = "<group>"; };
		3D1F389A3C1F113A32E1E99D /* PartOneViewController.swift */ = {isa = PBXFileReference; includeInIndex = 1; lastKnownFileType = sourcecode.swift; path = PartOneViewController.swift; sourceTree = "<group>"; };
		4748E96E9E654DFFD2FC732C /* HomeRouter.swift */ = {isa = PBXFileReference; includeInIndex = 1; lastKnownFileType = sourcecode.swift; path = HomeRouter.swift; sourceTree = "<group>"; };
		4800683883F071CD9A22DE5D /* QuestionnaireInformationConfigurator.swift */ = {isa = PBXFileReference; includeInIndex = 1; lastKnownFileType = sourcecode.swift; path = QuestionnaireInformationConfigurator.swift; sourceTree = "<group>"; };
		4A1347D4B113BB111BD6E099 /* EditProfileInteractor.swift */ = {isa = PBXFileReference; includeInIndex = 1; lastKnownFileType = sourcecode.swift; path = EditProfileInteractor.swift; sourceTree = "<group>"; };
		4CDF009FEE85E74C3291D3D8 /* EditProfileViewInput.swift */ = {isa = PBXFileReference; includeInIndex = 1; lastKnownFileType = sourcecode.swift; path = EditProfileViewInput.swift; sourceTree = "<group>"; };
		4E31B6AE8C3309C4D0A4243B /* HomeViewOutput.swift */ = {isa = PBXFileReference; includeInIndex = 1; lastKnownFileType = sourcecode.swift; path = HomeViewOutput.swift; sourceTree = "<group>"; };
		51485AB14961D73FEB99329E /* QuestionnaireInformationRouter.swift */ = {isa = PBXFileReference; includeInIndex = 1; lastKnownFileType = sourcecode.swift; path = QuestionnaireInformationRouter.swift; sourceTree = "<group>"; };
		53A430E1045FA1BEE01AEDF6 /* ProfileInteractorOutput.swift */ = {isa = PBXFileReference; includeInIndex = 1; lastKnownFileType = sourcecode.swift; path = ProfileInteractorOutput.swift; sourceTree = "<group>"; };
		54D8E37CBE9E7E0796ABEC10 /* LoginInteractorInput.swift */ = {isa = PBXFileReference; includeInIndex = 1; lastKnownFileType = sourcecode.swift; path = LoginInteractorInput.swift; sourceTree = "<group>"; };
		573F32E4A6EBB7A4E504F9C4 /* PartOneViewOutput.swift */ = {isa = PBXFileReference; includeInIndex = 1; lastKnownFileType = sourcecode.swift; path = PartOneViewOutput.swift; sourceTree = "<group>"; };
		593E59F810782BA071A2B2C5 /* EditProfileModuleInput.swift */ = {isa = PBXFileReference; includeInIndex = 1; lastKnownFileType = sourcecode.swift; path = EditProfileModuleInput.swift; sourceTree = "<group>"; };
		5A7760F5CE6F8D2E49D6F85E /* Pods_NDA.framework */ = {isa = PBXFileReference; explicitFileType = wrapper.framework; includeInIndex = 0; path = Pods_NDA.framework; sourceTree = BUILT_PRODUCTS_DIR; };
		5D02BF56260646F30053E96C /* User.swift */ = {isa = PBXFileReference; lastKnownFileType = sourcecode.swift; path = User.swift; sourceTree = "<group>"; };
		5D02BF59260647310053E96C /* ProfileService.swift */ = {isa = PBXFileReference; lastKnownFileType = sourcecode.swift; path = ProfileService.swift; sourceTree = "<group>"; };
		5D02BF5C260647850053E96C /* ProfileServiceImp.swift */ = {isa = PBXFileReference; lastKnownFileType = sourcecode.swift; path = ProfileServiceImp.swift; sourceTree = "<group>"; };
		5D02BF68260743260053E96C /* UserValidationError.swift */ = {isa = PBXFileReference; lastKnownFileType = sourcecode.swift; path = UserValidationError.swift; sourceTree = "<group>"; };
		5D02BF6E2607880C0053E96C /* UIViewInput.swift */ = {isa = PBXFileReference; lastKnownFileType = sourcecode.swift; path = UIViewInput.swift; sourceTree = "<group>"; };
		5D02BF7D26091C0E0053E96C /* Strings.swift */ = {isa = PBXFileReference; lastKnownFileType = sourcecode.swift; path = Strings.swift; sourceTree = "<group>"; };
		5D02BF8D26092B8C0053E96C /* Profile.storyboard */ = {isa = PBXFileReference; lastKnownFileType = file.storyboard; path = Profile.storyboard; sourceTree = "<group>"; };
		5D02BF93260A6FCF0053E96C /* ProfileServiceError.swift */ = {isa = PBXFileReference; lastKnownFileType = sourcecode.swift; path = ProfileServiceError.swift; sourceTree = "<group>"; };
		5D02BF9A260A7D890053E96C /* RoundedButton.swift */ = {isa = PBXFileReference; lastKnownFileType = sourcecode.swift; path = RoundedButton.swift; sourceTree = "<group>"; };
		5D4EE0CE260F1B0B004A6AE4 /* QuestionBank.swift */ = {isa = PBXFileReference; lastKnownFileType = sourcecode.swift; path = QuestionBank.swift; sourceTree = "<group>"; };
		5D4EE0D1260F1BC4004A6AE4 /* QuestionBankImp.swift */ = {isa = PBXFileReference; lastKnownFileType = sourcecode.swift; path = QuestionBankImp.swift; sourceTree = "<group>"; };
		5D4EE0ED261322D7004A6AE4 /* QuestionPartOne.swift */ = {isa = PBXFileReference; lastKnownFileType = sourcecode.swift; path = QuestionPartOne.swift; sourceTree = "<group>"; };
		5D4EE0F026132301004A6AE4 /* AnswerPartOne.swift */ = {isa = PBXFileReference; lastKnownFileType = sourcecode.swift; path = AnswerPartOne.swift; sourceTree = "<group>"; };
		5D4EE0F826135D3A004A6AE4 /* QuestionPartTwo.swift */ = {isa = PBXFileReference; lastKnownFileType = sourcecode.swift; path = QuestionPartTwo.swift; sourceTree = "<group>"; };
		5D4EE0FB261360F3004A6AE4 /* QuestionError.swift */ = {isa = PBXFileReference; lastKnownFileType = sourcecode.swift; path = QuestionError.swift; sourceTree = "<group>"; };
		5D4EE0FF26136B31004A6AE4 /* Option.swift */ = {isa = PBXFileReference; lastKnownFileType = sourcecode.swift; path = Option.swift; sourceTree = "<group>"; };
		5D4EE105261493AD004A6AE4 /* AnswerPartTwo.swift */ = {isa = PBXFileReference; lastKnownFileType = sourcecode.swift; path = AnswerPartTwo.swift; sourceTree = "<group>"; };
		5D4EE11A26165242004A6AE4 /* TestVC.swift */ = {isa = PBXFileReference; lastKnownFileType = sourcecode.swift; path = TestVC.swift; sourceTree = "<group>"; };
		5D4EE11F26178721004A6AE4 /* SelectableImage.swift */ = {isa = PBXFileReference; lastKnownFileType = sourcecode.swift; path = SelectableImage.swift; sourceTree = "<group>"; };
		5D59042A260CFBE900988CCA /* MainRouter.swift */ = {isa = PBXFileReference; lastKnownFileType = sourcecode.swift; path = MainRouter.swift; sourceTree = "<group>"; };
		5D59042E260D071600988CCA /* Login.storyboard */ = {isa = PBXFileReference; lastKnownFileType = file.storyboard; path = Login.storyboard; sourceTree = "<group>"; };
		5D590434260D0E6E00988CCA /* Home.storyboard */ = {isa = PBXFileReference; lastKnownFileType = file.storyboard; path = Home.storyboard; sourceTree = "<group>"; };
		5D783247260633CA00156AC1 /* NDA.app */ = {isa = PBXFileReference; explicitFileType = wrapper.application; includeInIndex = 0; path = NDA.app; sourceTree = BUILT_PRODUCTS_DIR; };
		5D78324A260633CA00156AC1 /* AppDelegate.swift */ = {isa = PBXFileReference; lastKnownFileType = sourcecode.swift; path = AppDelegate.swift; sourceTree = "<group>"; };
		5D78324C260633CA00156AC1 /* SceneDelegate.swift */ = {isa = PBXFileReference; lastKnownFileType = sourcecode.swift; path = SceneDelegate.swift; sourceTree = "<group>"; };
		5D783251260633CA00156AC1 /* Base */ = {isa = PBXFileReference; lastKnownFileType = file.storyboard; name = Base; path = Base.lproj/Main.storyboard; sourceTree = "<group>"; };
		5D783253260633CD00156AC1 /* Assets.xcassets */ = {isa = PBXFileReference; lastKnownFileType = folder.assetcatalog; path = Assets.xcassets; sourceTree = "<group>"; };
		5D783256260633CD00156AC1 /* Base */ = {isa = PBXFileReference; lastKnownFileType = file.storyboard; name = Base; path = Base.lproj/LaunchScreen.storyboard; sourceTree = "<group>"; };
		5D783258260633CD00156AC1 /* Info.plist */ = {isa = PBXFileReference; lastKnownFileType = text.plist.xml; path = Info.plist; sourceTree = "<group>"; };
		5E640AB2BCAAE1462F3A8C62 /* QuestionnaireInformationInitializer.swift */ = {isa = PBXFileReference; includeInIndex = 1; lastKnownFileType = sourcecode.swift; path = QuestionnaireInformationInitializer.swift; sourceTree = "<group>"; };
		619758CA011798AC5E393A5E /* QuestionnaireInformationInteractorOutput.swift */ = {isa = PBXFileReference; includeInIndex = 1; lastKnownFileType = sourcecode.swift; path = QuestionnaireInformationInteractorOutput.swift; sourceTree = "<group>"; };
		638B7EC0A3B0F15761A9E184 /* EditProfileInteractorInput.swift */ = {isa = PBXFileReference; includeInIndex = 1; lastKnownFileType = sourcecode.swift; path = EditProfileInteractorInput.swift; sourceTree = "<group>"; };
		639284663B2D031B24B040C5 /* PartTwoRouterInput.swift */ = {isa = PBXFileReference; includeInIndex = 1; lastKnownFileType = sourcecode.swift; path = PartTwoRouterInput.swift; sourceTree = "<group>"; };
		654CBFEA48E6626D4744CA40 /* PartOneInitializer.swift */ = {isa = PBXFileReference; includeInIndex = 1; lastKnownFileType = sourcecode.swift; path = PartOneInitializer.swift; sourceTree = "<group>"; };
		6A2CF88F83BA9F5BAA82FAA1 /* PartTwoConfigurator.swift */ = {isa = PBXFileReference; includeInIndex = 1; lastKnownFileType = sourcecode.swift; path = PartTwoConfigurator.swift; sourceTree = "<group>"; };
		6AAA9185963E7D5CC1A904B7 /* HomeInteractorOutput.swift */ = {isa = PBXFileReference; includeInIndex = 1; lastKnownFileType = sourcecode.swift; path = HomeInteractorOutput.swift; sourceTree = "<group>"; };
		6CAD66F29623AA3B17216D0C /* HomeRouterInput.swift */ = {isa = PBXFileReference; includeInIndex = 1; lastKnownFileType = sourcecode.swift; path = HomeRouterInput.swift; sourceTree = "<group>"; };
		6D1009DE4651ADE056484BDB /* PartOneInteractorOutput.swift */ = {isa = PBXFileReference; includeInIndex = 1; lastKnownFileType = sourcecode.swift; path = PartOneInteractorOutput.swift; sourceTree = "<group>"; };
		6DAC728BFB15FF11CBD60B8F /* PartTwoInteractorOutput.swift */ = {isa = PBXFileReference; includeInIndex = 1; lastKnownFileType = sourcecode.swift; path = PartTwoInteractorOutput.swift; sourceTree = "<group>"; };
		742886BFC99C218A16C4A32E /* QuestionnaireInformationInteractorInput.swift */ = {isa = PBXFileReference; includeInIndex = 1; lastKnownFileType = sourcecode.swift; path = QuestionnaireInformationInteractorInput.swift; sourceTree = "<group>"; };
		7A760EEE5AB523E84670E73C /* EditProfileRouterInput.swift */ = {isa = PBXFileReference; includeInIndex = 1; lastKnownFileType = sourcecode.swift; path = EditProfileRouterInput.swift; sourceTree = "<group>"; };
		7B9EC0A84C6E57D93D3614CA /* EditProfileInteractorOutput.swift */ = {isa = PBXFileReference; includeInIndex = 1; lastKnownFileType = sourcecode.swift; path = EditProfileInteractorOutput.swift; sourceTree = "<group>"; };
		7BE84E24BA164F859669B3E6 /* ProfileViewController.swift */ = {isa = PBXFileReference; includeInIndex = 1; lastKnownFileType = sourcecode.swift; path = ProfileViewController.swift; sourceTree = "<group>"; };
		80A583E61C142C0CC53E0C0E /* PartTwoInitializer.swift */ = {isa = PBXFileReference; includeInIndex = 1; lastKnownFileType = sourcecode.swift; path = PartTwoInitializer.swift; sourceTree = "<group>"; };
		81296C26953E330826FE502A /* PartOneInteractorInput.swift */ = {isa = PBXFileReference; includeInIndex = 1; lastKnownFileType = sourcecode.swift; path = PartOneInteractorInput.swift; sourceTree = "<group>"; };
		815E26F4E694FA367662CB7D /* ProfileInteractor.swift */ = {isa = PBXFileReference; includeInIndex = 1; lastKnownFileType = sourcecode.swift; path = ProfileInteractor.swift; sourceTree = "<group>"; };
		81718FEB106A315253598624 /* QuestionnaireInformationViewInput.swift */ = {isa = PBXFileReference; includeInIndex = 1; lastKnownFileType = sourcecode.swift; path = QuestionnaireInformationViewInput.swift; sourceTree = "<group>"; };
		8BA2701761A66E7C34D4307C /* PartTwoViewOutput.swift */ = {isa = PBXFileReference; includeInIndex = 1; lastKnownFileType = sourcecode.swift; path = PartTwoViewOutput.swift; sourceTree = "<group>"; };
		8D075EF3A5BCDA41F7DC8843 /* PartTwoViewInput.swift */ = {isa = PBXFileReference; includeInIndex = 1; lastKnownFileType = sourcecode.swift; path = PartTwoViewInput.swift; sourceTree = "<group>"; };
		8EB828839382F65DE3D36AA3 /* ProfileModuleInput.swift */ = {isa = PBXFileReference; includeInIndex = 1; lastKnownFileType = sourcecode.swift; path = ProfileModuleInput.swift; sourceTree = "<group>"; };
		90FB4E7E0B47AB74BFBFF151 /* LoginInteractor.swift */ = {isa = PBXFileReference; includeInIndex = 1; lastKnownFileType = sourcecode.swift; path = LoginInteractor.swift; sourceTree = "<group>"; };
		9199689686D3BC630544756D /* EditProfileConfigurator.swift */ = {isa = PBXFileReference; includeInIndex = 1; lastKnownFileType = sourcecode.swift; path = EditProfileConfigurator.swift; sourceTree = "<group>"; };
		923790B8C0376BF3C5D38BE7 /* PartOneRouterInput.swift */ = {isa = PBXFileReference; includeInIndex = 1; lastKnownFileType = sourcecode.swift; path = PartOneRouterInput.swift; sourceTree = "<group>"; };
		96530F8243041035367204A3 /* EditProfilePresenter.swift */ = {isa = PBXFileReference; includeInIndex = 1; lastKnownFileType = sourcecode.swift; path = EditProfilePresenter.swift; sourceTree = "<group>"; };
		9C8CE5B39421D8FD06FA75D0 /* LoginPresenter.swift */ = {isa = PBXFileReference; includeInIndex = 1; lastKnownFileType = sourcecode.swift; path = LoginPresenter.swift; sourceTree = "<group>"; };
		9DE05D7DC7D0F5FCFB1FBBC5 /* LoginModuleInput.swift */ = {isa = PBXFileReference; includeInIndex = 1; lastKnownFileType = sourcecode.swift; path = LoginModuleInput.swift; sourceTree = "<group>"; };
		ACFF1516E6B4F2094C08084A /* PartOneModuleInput.swift */ = {isa = PBXFileReference; includeInIndex = 1; lastKnownFileType = sourcecode.swift; path = PartOneModuleInput.swift; sourceTree = "<group>"; };
		B1943F113C75420EBA4E9559 /* PartTwoInteractor.swift */ = {isa = PBXFileReference; includeInIndex = 1; lastKnownFileType = sourcecode.swift; path = PartTwoInteractor.swift; sourceTree = "<group>"; };
		B31D11D90CBECD541DE7E33E /* EditProfileViewController.swift */ = {isa = PBXFileReference; includeInIndex = 1; lastKnownFileType = sourcecode.swift; path = EditProfileViewController.swift; sourceTree = "<group>"; };
		B384BCF37B3609A116E5572A /* ProfilePresenter.swift */ = {isa = PBXFileReference; includeInIndex = 1; lastKnownFileType = sourcecode.swift; path = ProfilePresenter.swift; sourceTree = "<group>"; };
		B7C4250A0DAAD92E3600B0B6 /* ProfileRouter.swift */ = {isa = PBXFileReference; includeInIndex = 1; lastKnownFileType = sourcecode.swift; path = ProfileRouter.swift; sourceTree = "<group>"; };
		BA3A373196D936CC5F236E14 /* LoginRouterInput.swift */ = {isa = PBXFileReference; includeInIndex = 1; lastKnownFileType = sourcecode.swift; path = LoginRouterInput.swift; sourceTree = "<group>"; };
		C2B71BC5CA949F2608A1A5ED /* LoginViewOutput.swift */ = {isa = PBXFileReference; includeInIndex = 1; lastKnownFileType = sourcecode.swift; path = LoginViewOutput.swift; sourceTree = "<group>"; };
		C58025EAE97A5C014AB70019 /* QuestionnaireInformationPresenter.swift */ = {isa = PBXFileReference; includeInIndex = 1; lastKnownFileType = sourcecode.swift; path = QuestionnaireInformationPresenter.swift; sourceTree = "<group>"; };
		C738189C56B2EFD04A9D3567 /* ProfileInteractorInput.swift */ = {isa = PBXFileReference; includeInIndex = 1; lastKnownFileType = sourcecode.swift; path = ProfileInteractorInput.swift; sourceTree = "<group>"; };
		C8F41E7CE5F5102FD0B7F7C6 /* HomeConfigurator.swift */ = {isa = PBXFileReference; includeInIndex = 1; lastKnownFileType = sourcecode.swift; path = HomeConfigurator.swift; sourceTree = "<group>"; };
		CC0D45EF187CF9399AAD7B70 /* PartTwoRouter.swift */ = {isa = PBXFileReference; includeInIndex = 1; lastKnownFileType = sourcecode.swift; path = PartTwoRouter.swift; sourceTree = "<group>"; };
		CCB2734096B2BF7E541D0564 /* PartTwoModuleInput.swift */ = {isa = PBXFileReference; includeInIndex = 1; lastKnownFileType = sourcecode.swift; path = PartTwoModuleInput.swift; sourceTree = "<group>"; };
		D11AB4B5A401C54704205833 /* PartOnePresenter.swift */ = {isa = PBXFileReference; includeInIndex = 1; lastKnownFileType = sourcecode.swift; path = PartOnePresenter.swift; sourceTree = "<group>"; };
		DBE99706CD905B1F205DA090 /* ProfileRouterInput.swift */ = {isa = PBXFileReference; includeInIndex = 1; lastKnownFileType = sourcecode.swift; path = ProfileRouterInput.swift; sourceTree = "<group>"; };
		DDC74527F105CE8B926E2C69 /* PartTwoPresenter.swift */ = {isa = PBXFileReference; includeInIndex = 1; lastKnownFileType = sourcecode.swift; path = PartTwoPresenter.swift; sourceTree = "<group>"; };
		E2679E509D7A62456F5F9A6B /* LoginViewInput.swift */ = {isa = PBXFileReference; includeInIndex = 1; lastKnownFileType = sourcecode.swift; path = LoginViewInput.swift; sourceTree = "<group>"; };
		E6AEF53A284D858D032C0C3B /* ProfileInitializer.swift */ = {isa = PBXFileReference; includeInIndex = 1; lastKnownFileType = sourcecode.swift; path = ProfileInitializer.swift; sourceTree = "<group>"; };
		E8F00316893D22D622CA5DB3 /* HomeInteractorInput.swift */ = {isa = PBXFileReference; includeInIndex = 1; lastKnownFileType = sourcecode.swift; path = HomeInteractorInput.swift; sourceTree = "<group>"; };
		EA0BD40526FDBE1446EE051C /* HomeViewInput.swift */ = {isa = PBXFileReference; includeInIndex = 1; lastKnownFileType = sourcecode.swift; path = HomeViewInput.swift; sourceTree = "<group>"; };
		EBB68345C88486903A3EE564 /* QuestionnaireInformationInteractor.swift */ = {isa = PBXFileReference; includeInIndex = 1; lastKnownFileType = sourcecode.swift; path = QuestionnaireInformationInteractor.swift; sourceTree = "<group>"; };
		ED74E495257405CBE4E377DA /* LoginRouter.swift */ = {isa = PBXFileReference; includeInIndex = 1; lastKnownFileType = sourcecode.swift; path = LoginRouter.swift; sourceTree = "<group>"; };
		F1B7C7D50B4ADBD3295F62F3 /* LoginInitializer.swift */ = {isa = PBXFileReference; includeInIndex = 1; lastKnownFileType = sourcecode.swift; path = LoginInitializer.swift; sourceTree = "<group>"; };
		F35109BBB211336601A02486 /* PartOneConfigurator.swift */ = {isa = PBXFileReference; includeInIndex = 1; lastKnownFileType = sourcecode.swift; path = PartOneConfigurator.swift; sourceTree = "<group>"; };
		F3836251C4F246AF05F1EBAC /* LoginConfigurator.swift */ = {isa = PBXFileReference; includeInIndex = 1; lastKnownFileType = sourcecode.swift; path = LoginConfigurator.swift; sourceTree = "<group>"; };
		F4445DE485A9B3AC9C448D37 /* ProfileViewInput.swift */ = {isa = PBXFileReference; includeInIndex = 1; lastKnownFileType = sourcecode.swift; path = ProfileViewInput.swift; sourceTree = "<group>"; };
		F48BA74ABAF429731418FB2C /* EditProfileInitializer.swift */ = {isa = PBXFileReference; includeInIndex = 1; lastKnownFileType = sourcecode.swift; path = EditProfileInitializer.swift; sourceTree = "<group>"; };
/* End PBXFileReference section */

/* Begin PBXFrameworksBuildPhase section */
		5D783244260633CA00156AC1 /* Frameworks */ = {
			isa = PBXFrameworksBuildPhase;
			buildActionMask = 2147483647;
			files = (
				60A9E5B999CB6C21219BE837 /* Pods_NDA.framework in Frameworks */,
			);
			runOnlyForDeploymentPostprocessing = 0;
		};
/* End PBXFrameworksBuildPhase section */

/* Begin PBXGroup section */
		03D8EF5D40C129FA6741E988 /* View */ = {
			isa = PBXGroup;
			children = (
				81718FEB106A315253598624 /* QuestionnaireInformationViewInput.swift */,
				2F139442ECB30DB3D7C48264 /* QuestionnaireInformationViewOutput.swift */,
				03DE6D45AD0C6D4265C285B1 /* QuestionnaireInformationViewController.swift */,
			);
			path = View;
			sourceTree = "<group>";
		};
		0CC90DC570E4AB848779408F /* Router */ = {
			isa = PBXGroup;
			children = (
				6CAD66F29623AA3B17216D0C /* HomeRouterInput.swift */,
				4748E96E9E654DFFD2FC732C /* HomeRouter.swift */,
			);
			path = Router;
			sourceTree = "<group>";
		};
		0DADC2D0145FF38CF9A90A0C /* Presenter */ = {
			isa = PBXGroup;
			children = (
				593E59F810782BA071A2B2C5 /* EditProfileModuleInput.swift */,
				96530F8243041035367204A3 /* EditProfilePresenter.swift */,
			);
			path = Presenter;
			sourceTree = "<group>";
		};
		148AA623BE5A8729DAEA62CE /* View */ = {
			isa = PBXGroup;
			children = (
				12266DAB857B20377C19B20D /* PartOneViewInput.swift */,
				573F32E4A6EBB7A4E504F9C4 /* PartOneViewOutput.swift */,
				3D1F389A3C1F113A32E1E99D /* PartOneViewController.swift */,
			);
			path = View;
			sourceTree = "<group>";
		};
		18C4F81B5FAED08D3ED99C48 /* Configurator */ = {
			isa = PBXGroup;
			children = (
				6A2CF88F83BA9F5BAA82FAA1 /* PartTwoConfigurator.swift */,
				80A583E61C142C0CC53E0C0E /* PartTwoInitializer.swift */,
			);
			path = Configurator;
			sourceTree = "<group>";
		};
		200E9BED543F0FBD488B2C95 /* Router */ = {
			isa = PBXGroup;
			children = (
				923790B8C0376BF3C5D38BE7 /* PartOneRouterInput.swift */,
				1E0582A9BCAF9D69B9722A0A /* PartOneRouter.swift */,
			);
			path = Router;
			sourceTree = "<group>";
		};
		289226162C534E60E60034FB /* Configurator */ = {
			isa = PBXGroup;
			children = (
				9199689686D3BC630544756D /* EditProfileConfigurator.swift */,
				F48BA74ABAF429731418FB2C /* EditProfileInitializer.swift */,
			);
			path = Configurator;
			sourceTree = "<group>";
		};
		28B1FEB7BAF4DACDB77BF432 /* Configurator */ = {
			isa = PBXGroup;
			children = (
				F35109BBB211336601A02486 /* PartOneConfigurator.swift */,
				654CBFEA48E6626D4744CA40 /* PartOneInitializer.swift */,
			);
			path = Configurator;
			sourceTree = "<group>";
		};
		326FD7F708333D602F67CE4A /* Interactor */ = {
			isa = PBXGroup;
			children = (
				742886BFC99C218A16C4A32E /* QuestionnaireInformationInteractorInput.swift */,
				619758CA011798AC5E393A5E /* QuestionnaireInformationInteractorOutput.swift */,
				EBB68345C88486903A3EE564 /* QuestionnaireInformationInteractor.swift */,
			);
			path = Interactor;
			sourceTree = "<group>";
		};
		3F543490DBFB22BE5A889F0D /* Interactor */ = {
			isa = PBXGroup;
			children = (
				20EB94F5E3CC04CAD33FB569 /* PartTwoInteractorInput.swift */,
				6DAC728BFB15FF11CBD60B8F /* PartTwoInteractorOutput.swift */,
				B1943F113C75420EBA4E9559 /* PartTwoInteractor.swift */,
			);
			path = Interactor;
			sourceTree = "<group>";
		};
		4E4CAF1F4125C7C39DB69D04 /* Interactor */ = {
			isa = PBXGroup;
			children = (
				C738189C56B2EFD04A9D3567 /* ProfileInteractorInput.swift */,
				53A430E1045FA1BEE01AEDF6 /* ProfileInteractorOutput.swift */,
				815E26F4E694FA367662CB7D /* ProfileInteractor.swift */,
			);
			path = Interactor;
			sourceTree = "<group>";
		};
		53DD62F59CAB0C040317BC7D /* View */ = {
			isa = PBXGroup;
			children = (
				4CDF009FEE85E74C3291D3D8 /* EditProfileViewInput.swift */,
				33C0E6E0A9B0BEAAC407EAEA /* EditProfileViewOutput.swift */,
				B31D11D90CBECD541DE7E33E /* EditProfileViewController.swift */,
			);
			path = View;
			sourceTree = "<group>";
		};
		574F522614A061A043332A99 /* Login */ = {
			isa = PBXGroup;
			children = (
				A7C377CCF2B0032F0EFA208C /* Configurator */,
				97ECFD02A88538E1DFBF4C57 /* View */,
				FD4DA6DB37F8F6136FDD8E96 /* Presenter */,
				EA4ABECA3D9CC8461BCD24D1 /* Interactor */,
				EFD27B067CD9927C9CCC3DC7 /* Router */,
			);
			path = Login;
			sourceTree = "<group>";
		};
		5B9E5E0094C432D216C735B7 /* Presenter */ = {
			isa = PBXGroup;
			children = (
				8EB828839382F65DE3D36AA3 /* ProfileModuleInput.swift */,
				B384BCF37B3609A116E5572A /* ProfilePresenter.swift */,
			);
			path = Presenter;
			sourceTree = "<group>";
		};
		5D02BF4C260640460053E96C /* BuisnessLogic */ = {
			isa = PBXGroup;
			children = (
				5D02BF7C26091BFD0053E96C /* Constants */,
				5D02BF4D260640540053E96C /* Entity */,
				5D02BF4E2606405D0053E96C /* Service */,
			);
			path = BuisnessLogic;
			sourceTree = "<group>";
		};
		5D02BF4D260640540053E96C /* Entity */ = {
			isa = PBXGroup;
			children = (
				5D02BF67260743120053E96C /* Error */,
				5D4EE0F5261356AE004A6AE4 /* Questions */,
				5D02BF56260646F30053E96C /* User.swift */,
			);
			path = Entity;
			sourceTree = "<group>";
		};
		5D02BF4E2606405D0053E96C /* Service */ = {
			isa = PBXGroup;
			children = (
				5D02BF53260641C00053E96C /* Implementation */,
				5D02BF59260647310053E96C /* ProfileService.swift */,
				5D4EE0CE260F1B0B004A6AE4 /* QuestionBank.swift */,
			);
			path = Service;
			sourceTree = "<group>";
		};
		5D02BF4F260640670053E96C /* Presentation */ = {
			isa = PBXGroup;
			children = (
				5D590428260CFBC200988CCA /* MainRouter */,
				574F522614A061A043332A99 /* Login */,
				F8BAF6F9B63E67205B74429E /* Profile */,
				8B8D2F2A838242304D4BB0F8 /* EditProfile */,
				E4C58474A009E43010C41E30 /* Home */,
				C50B3BB0DF84B1B106E02209 /* QuestionnaireInformation */,
				809C3170EBD0B12B4DBDA64D /* PartOne */,
				B781D47512568AC0240A2FB1 /* PartTwo */,
			);
			path = Presentation;
			sourceTree = "<group>";
		};
		5D02BF50260641780053E96C /* SupportingFiles */ = {
			isa = PBXGroup;
			children = (
				5D78324A260633CA00156AC1 /* AppDelegate.swift */,
				5D78324C260633CA00156AC1 /* SceneDelegate.swift */,
			);
			path = SupportingFiles;
			sourceTree = "<group>";
		};
		5D02BF522606418C0053E96C /* Storyboards */ = {
			isa = PBXGroup;
			children = (
				5D783250260633CA00156AC1 /* Main.storyboard */,
				5D783255260633CD00156AC1 /* LaunchScreen.storyboard */,
				5D59042E260D071600988CCA /* Login.storyboard */,
				5D02BF8D26092B8C0053E96C /* Profile.storyboard */,
				5D590434260D0E6E00988CCA /* Home.storyboard */,
			);
			path = Storyboards;
			sourceTree = "<group>";
		};
		5D02BF53260641C00053E96C /* Implementation */ = {
			isa = PBXGroup;
			children = (
				5D02BF5C260647850053E96C /* ProfileServiceImp.swift */,
				5D4EE0D1260F1BC4004A6AE4 /* QuestionBankImp.swift */,
			);
			path = Implementation;
			sourceTree = "<group>";
		};
		5D02BF67260743120053E96C /* Error */ = {
			isa = PBXGroup;
			children = (
				5D02BF68260743260053E96C /* UserValidationError.swift */,
				5D02BF93260A6FCF0053E96C /* ProfileServiceError.swift */,
				5D4EE0FB261360F3004A6AE4 /* QuestionError.swift */,
			);
			path = Error;
			sourceTree = "<group>";
		};
		5D02BF6D260787E60053E96C /* Views */ = {
			isa = PBXGroup;
			children = (
				5D02BF6E2607880C0053E96C /* UIViewInput.swift */,
				5D02BF9A260A7D890053E96C /* RoundedButton.swift */,
				5D4EE11A26165242004A6AE4 /* TestVC.swift */,
				5D4EE11F26178721004A6AE4 /* SelectableImage.swift */,
			);
			path = Views;
			sourceTree = "<group>";
		};
		5D02BF7C26091BFD0053E96C /* Constants */ = {
			isa = PBXGroup;
			children = (
				5D02BF7D26091C0E0053E96C /* Strings.swift */,
			);
			path = Constants;
			sourceTree = "<group>";
		};
		5D4EE0F5261356AE004A6AE4 /* Questions */ = {
			isa = PBXGroup;
			children = (
				5D4EE10826149817004A6AE4 /* PartOne */,
				5D4EE10926149844004A6AE4 /* PartTwo */,
			);
			path = Questions;
			sourceTree = "<group>";
		};
		5D4EE10826149817004A6AE4 /* PartOne */ = {
			isa = PBXGroup;
			children = (
				5D4EE0ED261322D7004A6AE4 /* QuestionPartOne.swift */,
				5D4EE0F026132301004A6AE4 /* AnswerPartOne.swift */,
			);
			path = PartOne;
			sourceTree = "<group>";
		};
		5D4EE10926149844004A6AE4 /* PartTwo */ = {
			isa = PBXGroup;
			children = (
				5D4EE0F826135D3A004A6AE4 /* QuestionPartTwo.swift */,
				5D4EE0FF26136B31004A6AE4 /* Option.swift */,
				5D4EE105261493AD004A6AE4 /* AnswerPartTwo.swift */,
			);
			path = PartTwo;
			sourceTree = "<group>";
		};
		5D590428260CFBC200988CCA /* MainRouter */ = {
			isa = PBXGroup;
			children = (
				5D59042A260CFBE900988CCA /* MainRouter.swift */,
			);
			path = MainRouter;
			sourceTree = "<group>";
		};
		5D78323E260633CA00156AC1 = {
			isa = PBXGroup;
			children = (
				5D783249260633CA00156AC1 /* NDA */,
				5D783248260633CA00156AC1 /* Products */,
				983ECA1D6019DA3810FF2A5A /* Pods */,
				BA0082F7FDCEB7E8E4F6892C /* Frameworks */,
			);
			sourceTree = "<group>";
		};
		5D783248260633CA00156AC1 /* Products */ = {
			isa = PBXGroup;
			children = (
				5D783247260633CA00156AC1 /* NDA.app */,
			);
			name = Products;
			sourceTree = "<group>";
		};
		5D783249260633CA00156AC1 /* NDA */ = {
			isa = PBXGroup;
			children = (
				5D02BF4C260640460053E96C /* BuisnessLogic */,
				5D02BF6D260787E60053E96C /* Views */,
				5D02BF4F260640670053E96C /* Presentation */,
				5D02BF522606418C0053E96C /* Storyboards */,
				5D02BF50260641780053E96C /* SupportingFiles */,
				5D783253260633CD00156AC1 /* Assets.xcassets */,
				5D783258260633CD00156AC1 /* Info.plist */,
			);
			path = NDA;
			sourceTree = "<group>";
		};
		63B112A93B2D821464C2EB28 /* View */ = {
			isa = PBXGroup;
			children = (
				8D075EF3A5BCDA41F7DC8843 /* PartTwoViewInput.swift */,
				8BA2701761A66E7C34D4307C /* PartTwoViewOutput.swift */,
				2C25DD378077A93DFEC4436D /* PartTwoViewController.swift */,
			);
			path = View;
			sourceTree = "<group>";
		};
		65EB17B61571833130AF4C3B /* Presenter */ = {
			isa = PBXGroup;
			children = (
				ACFF1516E6B4F2094C08084A /* PartOneModuleInput.swift */,
				D11AB4B5A401C54704205833 /* PartOnePresenter.swift */,
			);
			path = Presenter;
			sourceTree = "<group>";
		};
		67DB9E849CC332A5997F678B /* Interactor */ = {
			isa = PBXGroup;
			children = (
				638B7EC0A3B0F15761A9E184 /* EditProfileInteractorInput.swift */,
				7B9EC0A84C6E57D93D3614CA /* EditProfileInteractorOutput.swift */,
				4A1347D4B113BB111BD6E099 /* EditProfileInteractor.swift */,
			);
			path = Interactor;
			sourceTree = "<group>";
		};
		6A3AFA4A11DD5ED447AD6D99 /* Interactor */ = {
			isa = PBXGroup;
			children = (
				E8F00316893D22D622CA5DB3 /* HomeInteractorInput.swift */,
				6AAA9185963E7D5CC1A904B7 /* HomeInteractorOutput.swift */,
				328531E896F5F394FFF9CE5C /* HomeInteractor.swift */,
			);
			path = Interactor;
			sourceTree = "<group>";
		};
		809C3170EBD0B12B4DBDA64D /* PartOne */ = {
			isa = PBXGroup;
			children = (
				28B1FEB7BAF4DACDB77BF432 /* Configurator */,
				148AA623BE5A8729DAEA62CE /* View */,
				65EB17B61571833130AF4C3B /* Presenter */,
				FBD38488730D31DF668DCEE6 /* Interactor */,
				200E9BED543F0FBD488B2C95 /* Router */,
			);
			path = PartOne;
			sourceTree = "<group>";
		};
		8B8D2F2A838242304D4BB0F8 /* EditProfile */ = {
			isa = PBXGroup;
			children = (
				289226162C534E60E60034FB /* Configurator */,
				53DD62F59CAB0C040317BC7D /* View */,
				0DADC2D0145FF38CF9A90A0C /* Presenter */,
				67DB9E849CC332A5997F678B /* Interactor */,
				C28A0440FDB24A1A5FD28914 /* Router */,
			);
			path = EditProfile;
			sourceTree = "<group>";
		};
		93942CCDEFB78C30C9B5B782 /* Presenter */ = {
			isa = PBXGroup;
			children = (
				2BFAB5C2995B02494CCD32DD /* HomeModuleInput.swift */,
				3B62BBB16BABF7D609771EE8 /* HomePresenter.swift */,
			);
			path = Presenter;
			sourceTree = "<group>";
		};
		961EC60AA70EBEC06F87C054 /* Router */ = {
			isa = PBXGroup;
			children = (
				3BFDB3C32A09D92E192BA1B2 /* QuestionnaireInformationRouterInput.swift */,
				51485AB14961D73FEB99329E /* QuestionnaireInformationRouter.swift */,
			);
			path = Router;
			sourceTree = "<group>";
		};
		97ECFD02A88538E1DFBF4C57 /* View */ = {
			isa = PBXGroup;
			children = (
				E2679E509D7A62456F5F9A6B /* LoginViewInput.swift */,
				C2B71BC5CA949F2608A1A5ED /* LoginViewOutput.swift */,
				0FEEE4DCF1AB5C1DF2E308E7 /* LoginViewController.swift */,
			);
			path = View;
			sourceTree = "<group>";
		};
		983ECA1D6019DA3810FF2A5A /* Pods */ = {
			isa = PBXGroup;
			children = (
				1A7A157AF2D4694EF668B4BB /* Pods-NDA.debug.xcconfig */,
				315F67BF625E044E56CB8C18 /* Pods-NDA.release.xcconfig */,
			);
			path = Pods;
			sourceTree = "<group>";
		};
		A7C377CCF2B0032F0EFA208C /* Configurator */ = {
			isa = PBXGroup;
			children = (
				F3836251C4F246AF05F1EBAC /* LoginConfigurator.swift */,
				F1B7C7D50B4ADBD3295F62F3 /* LoginInitializer.swift */,
			);
			path = Configurator;
			sourceTree = "<group>";
		};
		AD324991D7A419DB30ED8EC2 /* Router */ = {
			isa = PBXGroup;
			children = (
				DBE99706CD905B1F205DA090 /* ProfileRouterInput.swift */,
				B7C4250A0DAAD92E3600B0B6 /* ProfileRouter.swift */,
			);
			path = Router;
			sourceTree = "<group>";
		};
		B781D47512568AC0240A2FB1 /* PartTwo */ = {
			isa = PBXGroup;
			children = (
				18C4F81B5FAED08D3ED99C48 /* Configurator */,
				63B112A93B2D821464C2EB28 /* View */,
				B96CC9A6ABBFBC4868F2A34F /* Presenter */,
				3F543490DBFB22BE5A889F0D /* Interactor */,
				D6E7ED01DBF5587AC916535D /* Router */,
			);
			path = PartTwo;
			sourceTree = "<group>";
		};
		B96CC9A6ABBFBC4868F2A34F /* Presenter */ = {
			isa = PBXGroup;
			children = (
				CCB2734096B2BF7E541D0564 /* PartTwoModuleInput.swift */,
				DDC74527F105CE8B926E2C69 /* PartTwoPresenter.swift */,
			);
			path = Presenter;
			sourceTree = "<group>";
		};
		BA0082F7FDCEB7E8E4F6892C /* Frameworks */ = {
			isa = PBXGroup;
			children = (
				5A7760F5CE6F8D2E49D6F85E /* Pods_NDA.framework */,
			);
			name = Frameworks;
			sourceTree = "<group>";
		};
		C28A0440FDB24A1A5FD28914 /* Router */ = {
			isa = PBXGroup;
			children = (
				7A760EEE5AB523E84670E73C /* EditProfileRouterInput.swift */,
				2EC96045CA29338C9EB54008 /* EditProfileRouter.swift */,
			);
			path = Router;
			sourceTree = "<group>";
		};
		C50B3BB0DF84B1B106E02209 /* QuestionnaireInformation */ = {
			isa = PBXGroup;
			children = (
				03D8EF5D40C129FA6741E988 /* View */,
				D0FA649D299E1E7374235D5F /* Presenter */,
				326FD7F708333D602F67CE4A /* Interactor */,
				961EC60AA70EBEC06F87C054 /* Router */,
				DF43D73B26D64F7B03983E34 /* Configurator */,
			);
			path = QuestionnaireInformation;
			sourceTree = "<group>";
		};
		D0FA649D299E1E7374235D5F /* Presenter */ = {
			isa = PBXGroup;
			children = (
				1F6402C7DFC1EB3C53953BAD /* QuestionnaireInformationModuleInput.swift */,
				C58025EAE97A5C014AB70019 /* QuestionnaireInformationPresenter.swift */,
			);
			path = Presenter;
			sourceTree = "<group>";
		};
		D6E7ED01DBF5587AC916535D /* Router */ = {
			isa = PBXGroup;
			children = (
				639284663B2D031B24B040C5 /* PartTwoRouterInput.swift */,
				CC0D45EF187CF9399AAD7B70 /* PartTwoRouter.swift */,
			);
			path = Router;
			sourceTree = "<group>";
		};
		DF43D73B26D64F7B03983E34 /* Configurator */ = {
			isa = PBXGroup;
			children = (
				4800683883F071CD9A22DE5D /* QuestionnaireInformationConfigurator.swift */,
				5E640AB2BCAAE1462F3A8C62 /* QuestionnaireInformationInitializer.swift */,
			);
			path = Configurator;
			sourceTree = "<group>";
		};
		E44DB26EFB60DAF02186715B /* View */ = {
			isa = PBXGroup;
			children = (
				EA0BD40526FDBE1446EE051C /* HomeViewInput.swift */,
				4E31B6AE8C3309C4D0A4243B /* HomeViewOutput.swift */,
				18045ABD4782D0117CAF01F7 /* HomeViewController.swift */,
			);
			path = View;
			sourceTree = "<group>";
		};
		E4C58474A009E43010C41E30 /* Home */ = {
			isa = PBXGroup;
			children = (
				E44DB26EFB60DAF02186715B /* View */,
				93942CCDEFB78C30C9B5B782 /* Presenter */,
				6A3AFA4A11DD5ED447AD6D99 /* Interactor */,
				0CC90DC570E4AB848779408F /* Router */,
				EFF6DADA930F87F2C4FBC206 /* Configurator */,
			);
			path = Home;
			sourceTree = "<group>";
		};
		EA4ABECA3D9CC8461BCD24D1 /* Interactor */ = {
			isa = PBXGroup;
			children = (
				54D8E37CBE9E7E0796ABEC10 /* LoginInteractorInput.swift */,
				3A5C3B93F2DBE8523749A686 /* LoginInteractorOutput.swift */,
				90FB4E7E0B47AB74BFBFF151 /* LoginInteractor.swift */,
			);
			path = Interactor;
			sourceTree = "<group>";
		};
		EFD27B067CD9927C9CCC3DC7 /* Router */ = {
			isa = PBXGroup;
			children = (
				BA3A373196D936CC5F236E14 /* LoginRouterInput.swift */,
				ED74E495257405CBE4E377DA /* LoginRouter.swift */,
			);
			path = Router;
			sourceTree = "<group>";
		};
		EFF6DADA930F87F2C4FBC206 /* Configurator */ = {
			isa = PBXGroup;
			children = (
				C8F41E7CE5F5102FD0B7F7C6 /* HomeConfigurator.swift */,
				1250BB0D59D9F8AD400F4376 /* HomeInitializer.swift */,
			);
			path = Configurator;
			sourceTree = "<group>";
		};
		F80B3753F97962407A1C9CC6 /* View */ = {
			isa = PBXGroup;
			children = (
				F4445DE485A9B3AC9C448D37 /* ProfileViewInput.swift */,
				111C69DB48C127B70AEB8425 /* ProfileViewOutput.swift */,
				7BE84E24BA164F859669B3E6 /* ProfileViewController.swift */,
			);
			path = View;
			sourceTree = "<group>";
		};
		F8BAF6F9B63E67205B74429E /* Profile */ = {
			isa = PBXGroup;
			children = (
				FD1EB4E158FF674A08DB0F16 /* Configurator */,
				F80B3753F97962407A1C9CC6 /* View */,
				5B9E5E0094C432D216C735B7 /* Presenter */,
				4E4CAF1F4125C7C39DB69D04 /* Interactor */,
				AD324991D7A419DB30ED8EC2 /* Router */,
			);
			path = Profile;
			sourceTree = "<group>";
		};
		FBD38488730D31DF668DCEE6 /* Interactor */ = {
			isa = PBXGroup;
			children = (
				81296C26953E330826FE502A /* PartOneInteractorInput.swift */,
				6D1009DE4651ADE056484BDB /* PartOneInteractorOutput.swift */,
				0AA7D3AFF7498CE2A3752B53 /* PartOneInteractor.swift */,
			);
			path = Interactor;
			sourceTree = "<group>";
		};
		FD1EB4E158FF674A08DB0F16 /* Configurator */ = {
			isa = PBXGroup;
			children = (
				35159AF09DF75A2366860F4C /* ProfileConfigurator.swift */,
				E6AEF53A284D858D032C0C3B /* ProfileInitializer.swift */,
			);
			path = Configurator;
			sourceTree = "<group>";
		};
		FD4DA6DB37F8F6136FDD8E96 /* Presenter */ = {
			isa = PBXGroup;
			children = (
				9DE05D7DC7D0F5FCFB1FBBC5 /* LoginModuleInput.swift */,
				9C8CE5B39421D8FD06FA75D0 /* LoginPresenter.swift */,
			);
			path = Presenter;
			sourceTree = "<group>";
		};
/* End PBXGroup section */

/* Begin PBXNativeTarget section */
		5D783246260633CA00156AC1 /* NDA */ = {
			isa = PBXNativeTarget;
			buildConfigurationList = 5D78325B260633CD00156AC1 /* Build configuration list for PBXNativeTarget "NDA" */;
			buildPhases = (
				498BE56D804F0071201D6601 /* [CP] Check Pods Manifest.lock */,
				5D783243260633CA00156AC1 /* Sources */,
				5D783244260633CA00156AC1 /* Frameworks */,
				5D783245260633CA00156AC1 /* Resources */,
				8F97A374B948BF7227A07A86 /* [CP] Embed Pods Frameworks */,
				5D02BF8826091F360053E96C /* ShellScript */,
			);
			buildRules = (
			);
			dependencies = (
			);
			name = NDA;
			productName = NDA;
			productReference = 5D783247260633CA00156AC1 /* NDA.app */;
			productType = "com.apple.product-type.application";
		};
/* End PBXNativeTarget section */

/* Begin PBXProject section */
		5D78323F260633CA00156AC1 /* Project object */ = {
			isa = PBXProject;
			attributes = {
				LastSwiftUpdateCheck = 1240;
				LastUpgradeCheck = 1240;
				TargetAttributes = {
					5D783246260633CA00156AC1 = {
						CreatedOnToolsVersion = 12.4;
					};
				};
			};
			buildConfigurationList = 5D783242260633CA00156AC1 /* Build configuration list for PBXProject "NDA" */;
			compatibilityVersion = "Xcode 9.3";
			developmentRegion = en;
			hasScannedForEncodings = 0;
			knownRegions = (
				en,
				Base,
			);
			mainGroup = 5D78323E260633CA00156AC1;
			productRefGroup = 5D783248260633CA00156AC1 /* Products */;
			projectDirPath = "";
			projectRoot = "";
			targets = (
				5D783246260633CA00156AC1 /* NDA */,
			);
		};
/* End PBXProject section */

/* Begin PBXResourcesBuildPhase section */
		5D783245260633CA00156AC1 /* Resources */ = {
			isa = PBXResourcesBuildPhase;
			buildActionMask = 2147483647;
			files = (
				5D783257260633CD00156AC1 /* LaunchScreen.storyboard in Resources */,
				5D783254260633CD00156AC1 /* Assets.xcassets in Resources */,
				5D02BF8E26092B8C0053E96C /* Profile.storyboard in Resources */,
				5D590435260D0E6E00988CCA /* Home.storyboard in Resources */,
				5D59042F260D071600988CCA /* Login.storyboard in Resources */,
				5D783252260633CA00156AC1 /* Main.storyboard in Resources */,
			);
			runOnlyForDeploymentPostprocessing = 0;
		};
/* End PBXResourcesBuildPhase section */

/* Begin PBXShellScriptBuildPhase section */
		498BE56D804F0071201D6601 /* [CP] Check Pods Manifest.lock */ = {
			isa = PBXShellScriptBuildPhase;
			buildActionMask = 2147483647;
			files = (
			);
			inputFileListPaths = (
			);
			inputPaths = (
				"${PODS_PODFILE_DIR_PATH}/Podfile.lock",
				"${PODS_ROOT}/Manifest.lock",
			);
			name = "[CP] Check Pods Manifest.lock";
			outputFileListPaths = (
			);
			outputPaths = (
				"$(DERIVED_FILE_DIR)/Pods-NDA-checkManifestLockResult.txt",
			);
			runOnlyForDeploymentPostprocessing = 0;
			shellPath = /bin/sh;
			shellScript = "diff \"${PODS_PODFILE_DIR_PATH}/Podfile.lock\" \"${PODS_ROOT}/Manifest.lock\" > /dev/null\nif [ $? != 0 ] ; then\n    # print error to STDERR\n    echo \"error: The sandbox is not in sync with the Podfile.lock. Run 'pod install' or update your CocoaPods installation.\" >&2\n    exit 1\nfi\n# This output is used by Xcode 'outputs' to avoid re-running this script phase.\necho \"SUCCESS\" > \"${SCRIPT_OUTPUT_FILE_0}\"\n";
			showEnvVarsInLog = 0;
		};
		5D02BF8826091F360053E96C /* ShellScript */ = {
			isa = PBXShellScriptBuildPhase;
			buildActionMask = 2147483647;
			files = (
			);
			inputFileListPaths = (
			);
			inputPaths = (
			);
			outputFileListPaths = (
			);
			outputPaths = (
			);
			runOnlyForDeploymentPostprocessing = 0;
			shellPath = /bin/sh;
			shellScript = "\"${PODS_ROOT}/SwiftLint/swiftlint\" --config \".swiftlint.yml\"\n";
		};
		8F97A374B948BF7227A07A86 /* [CP] Embed Pods Frameworks */ = {
			isa = PBXShellScriptBuildPhase;
			buildActionMask = 2147483647;
			files = (
			);
			inputFileListPaths = (
				"${PODS_ROOT}/Target Support Files/Pods-NDA/Pods-NDA-frameworks-${CONFIGURATION}-input-files.xcfilelist",
			);
			name = "[CP] Embed Pods Frameworks";
			outputFileListPaths = (
				"${PODS_ROOT}/Target Support Files/Pods-NDA/Pods-NDA-frameworks-${CONFIGURATION}-output-files.xcfilelist",
			);
			runOnlyForDeploymentPostprocessing = 0;
			shellPath = /bin/sh;
			shellScript = "\"${PODS_ROOT}/Target Support Files/Pods-NDA/Pods-NDA-frameworks.sh\"\n";
			showEnvVarsInLog = 0;
		};
/* End PBXShellScriptBuildPhase section */

/* Begin PBXSourcesBuildPhase section */
		5D783243260633CA00156AC1 /* Sources */ = {
			isa = PBXSourcesBuildPhase;
			buildActionMask = 2147483647;
			files = (
				5D02BF5D260647850053E96C /* ProfileServiceImp.swift in Sources */,
				5D78324B260633CA00156AC1 /* AppDelegate.swift in Sources */,
				5D78324D260633CA00156AC1 /* SceneDelegate.swift in Sources */,
				A60502BA93B0A7E0CEC146CB /* ProfileViewInput.swift in Sources */,
				5D4EE106261493AD004A6AE4 /* AnswerPartTwo.swift in Sources */,
				00D8E072B54F39DD85A467E7 /* ProfileViewOutput.swift in Sources */,
				5D02BF94260A6FCF0053E96C /* ProfileServiceError.swift in Sources */,
				9AA33CABD0739CD55B39F682 /* ProfileViewController.swift in Sources */,
				B2FC40F81CFAD0A63EBEFFA0 /* ProfileModuleInput.swift in Sources */,
				5D4EE0FC261360F3004A6AE4 /* QuestionError.swift in Sources */,
				C3AC3052914D8B18A35BFEEE /* ProfilePresenter.swift in Sources */,
				5D02BF5A260647310053E96C /* ProfileService.swift in Sources */,
				EE76887613F203855534D3C1 /* ProfileInteractorInput.swift in Sources */,
				5D02BF57260646F30053E96C /* User.swift in Sources */,
				5D02BF69260743260053E96C /* UserValidationError.swift in Sources */,
				5D4EE12026178722004A6AE4 /* SelectableImage.swift in Sources */,
				5D02BF6F2607880C0053E96C /* UIViewInput.swift in Sources */,
				F674D4F3309C281B998F3854 /* ProfileInteractorOutput.swift in Sources */,
				686BBC18B32EA1CB240E6531 /* ProfileInteractor.swift in Sources */,
				2C9B7F70C19A715205CAAAD1 /* ProfileRouterInput.swift in Sources */,
				5D4EE0EE261322D7004A6AE4 /* QuestionPartOne.swift in Sources */,
				9C77F346034E06AC87808015 /* ProfileRouter.swift in Sources */,
				10ACB66A7B8744EF55FB4403 /* ProfileConfigurator.swift in Sources */,
				DB8BF6EF6BA84D52FF059BD0 /* ProfileInitializer.swift in Sources */,
				1646F13BC9443402DB8FE154 /* LoginViewInput.swift in Sources */,
				0CF9EB8EC5859B8130C098B5 /* LoginViewOutput.swift in Sources */,
				5D4EE0F126132301004A6AE4 /* AnswerPartOne.swift in Sources */,
				5D59042B260CFBE900988CCA /* MainRouter.swift in Sources */,
				A7429776225118355D6BAB74 /* LoginViewController.swift in Sources */,
				4414DA36759B5E4B0536E26C /* LoginModuleInput.swift in Sources */,
				63F9B80D50E512200B13E43F /* LoginPresenter.swift in Sources */,
				F9C3AC0EF0DEAD75DEC8A67D /* LoginInteractorInput.swift in Sources */,
				F89FCAC98665C38810FA8280 /* LoginInteractorOutput.swift in Sources */,
				C0DAB015CFC56391C149E295 /* LoginInteractor.swift in Sources */,
				1223194DED678D1950653EEF /* LoginRouterInput.swift in Sources */,
				4818BB7F7770EFA69A1C4F19 /* LoginRouter.swift in Sources */,
				84442B879FAAC80F02358C14 /* LoginConfigurator.swift in Sources */,
				5D4BAB7309550600B010EA3B /* LoginInitializer.swift in Sources */,
				1B5AF258AC04A3BD49207A88 /* EditProfileViewInput.swift in Sources */,
				471F7AAC7D4E093EB84D74F0 /* EditProfileViewOutput.swift in Sources */,
				C38B64397A57C4A89A5749D9 /* EditProfileViewController.swift in Sources */,
				5D02BF7E26091C0E0053E96C /* Strings.swift in Sources */,
				5D02BF9B260A7D890053E96C /* RoundedButton.swift in Sources */,
				A21789A373AA19F7A2605214 /* EditProfileModuleInput.swift in Sources */,
				9281AF0CE5C3E4925E07BF69 /* EditProfilePresenter.swift in Sources */,
				B370F4378901868BDA89A8AF /* EditProfileInteractorInput.swift in Sources */,
				D7FFAEC2AD9579F9F0CB41BA /* EditProfileInteractorOutput.swift in Sources */,
				5D4EE0D2260F1BC4004A6AE4 /* QuestionBankImp.swift in Sources */,
				5FCFF3CC1B61E6D4E451EE5D /* EditProfileInteractor.swift in Sources */,
				8A064467CA178D331FCFCCC4 /* EditProfileRouterInput.swift in Sources */,
				192DEE3B04703E1D8DC5ED80 /* EditProfileRouter.swift in Sources */,
				4A60F2FDA7E57644ADC92310 /* EditProfileConfigurator.swift in Sources */,
				17FEC463E3988ED569D7D735 /* EditProfileInitializer.swift in Sources */,
				08DF8CBA9767B1410DA537D5 /* HomeViewInput.swift in Sources */,
				F2BBA9C05FDBC006DCCE9760 /* HomeViewOutput.swift in Sources */,
				9F9E50C0F04784F2735BF964 /* HomeViewController.swift in Sources */,
				5D4EE11B26165243004A6AE4 /* TestVC.swift in Sources */,
				929BC0907F8C0F3D71DF46A4 /* HomeModuleInput.swift in Sources */,
				ABEDA70916BDCB60A69F9A21 /* HomePresenter.swift in Sources */,
				5977EBADB1CFBE2E7414042B /* HomeInteractorInput.swift in Sources */,
				5D4EE10026136B31004A6AE4 /* Option.swift in Sources */,
				A6089E902D75EE45910B99DD /* HomeInteractorOutput.swift in Sources */,
				67CCE31341F23822B348D3F3 /* HomeInteractor.swift in Sources */,
				D191874D5C36A451DA90C843 /* HomeRouterInput.swift in Sources */,
				7096C0DAFF12134A51E323C6 /* HomeRouter.swift in Sources */,
				5D4EE0CF260F1B0B004A6AE4 /* QuestionBank.swift in Sources */,
				02A2019FD614A6E8A1B7D440 /* HomeConfigurator.swift in Sources */,
				DAA4C9E5D01807280EC340BC /* HomeInitializer.swift in Sources */,
				79921E2284BBAAABDB32E79E /* PartOneViewInput.swift in Sources */,
				932538C45D04C98FB5895662 /* PartOneViewOutput.swift in Sources */,
				C3A59BE6961D4DCA53EE99A1 /* PartOneViewController.swift in Sources */,
				8E29A2EB7A600EA95244F955 /* PartOneModuleInput.swift in Sources */,
				3358CAA52155747380817F4C /* PartOnePresenter.swift in Sources */,
				17FBD534EBE6710837F7C99F /* PartOneInteractorInput.swift in Sources */,
				E8BD3F4CDD21FFF85F607F8A /* PartOneInteractorOutput.swift in Sources */,
				BD3F299B9950B78CF461F0BB /* PartOneInteractor.swift in Sources */,
				441F3317B9AEFEDA1B6AFAB4 /* PartOneRouterInput.swift in Sources */,
				0D6C7DB7F3FE987459DF434E /* PartOneRouter.swift in Sources */,
				017CFD2C32D1ED42AF792AC3 /* PartOneConfigurator.swift in Sources */,
				BEEDD905BAEAD55DD49B87D8 /* PartOneInitializer.swift in Sources */,
				F2351AB1EE97B1F5CA9C8BC1 /* PartTwoViewInput.swift in Sources */,
				15D43D983B87B7FFD8E55355 /* PartTwoViewOutput.swift in Sources */,
				5D4EE0F926135D3A004A6AE4 /* QuestionPartTwo.swift in Sources */,
				D2E7C08E35978B5447637BC6 /* PartTwoViewController.swift in Sources */,
				0D7456190E7D47C68C2120CC /* PartTwoModuleInput.swift in Sources */,
				7CD2E0CCDD5D634D12C92757 /* PartTwoPresenter.swift in Sources */,
				9236D9FC29E43A74B0EF3AD8 /* PartTwoInteractorInput.swift in Sources */,
				8832B6947C68A4799FBD1E37 /* PartTwoInteractorOutput.swift in Sources */,
				6F884C196E99FBA6DCCA8740 /* PartTwoInteractor.swift in Sources */,
				F0DC894FBA61DAD937D7A777 /* PartTwoRouterInput.swift in Sources */,
				2E0690C8CB8A641AF0325D9A /* PartTwoRouter.swift in Sources */,
				378DA78916A92911B3A5828E /* PartTwoConfigurator.swift in Sources */,
				01D0D8FA14B04F103ABD28ED /* PartTwoInitializer.swift in Sources */,
				557D253E557C3B7F2496E347 /* QuestionnaireInformationViewInput.swift in Sources */,
				9ADBA6BDE8DF72FD33820303 /* QuestionnaireInformationViewOutput.swift in Sources */,
				F798E768B44F6A056F3C927A /* QuestionnaireInformationViewController.swift in Sources */,
				BAD3F425831ABD860E58F9AA /* QuestionnaireInformationModuleInput.swift in Sources */,
				10B469F177AA9F3F0AB96C8E /* QuestionnaireInformationPresenter.swift in Sources */,
				9659925A4B4CA133202718D3 /* QuestionnaireInformationInteractorInput.swift in Sources */,
				9BCA1B5CF8646383883FCA70 /* QuestionnaireInformationInteractorOutput.swift in Sources */,
				FF2A817A4EB2AE997EF7ED2A /* QuestionnaireInformationInteractor.swift in Sources */,
				843A1C7E199D2178B41B4E43 /* QuestionnaireInformationRouterInput.swift in Sources */,
				8EB429E8633DF3553872A4D2 /* QuestionnaireInformationRouter.swift in Sources */,
				B858307B56BCB55CD4960A0E /* QuestionnaireInformationConfigurator.swift in Sources */,
				F43FAAC794D9C291C2B9AF83 /* QuestionnaireInformationInitializer.swift in Sources */,
			);
			runOnlyForDeploymentPostprocessing = 0;
		};
/* End PBXSourcesBuildPhase section */

/* Begin PBXVariantGroup section */
		5D783250260633CA00156AC1 /* Main.storyboard */ = {
			isa = PBXVariantGroup;
			children = (
				5D783251260633CA00156AC1 /* Base */,
			);
			name = Main.storyboard;
			sourceTree = "<group>";
		};
		5D783255260633CD00156AC1 /* LaunchScreen.storyboard */ = {
			isa = PBXVariantGroup;
			children = (
				5D783256260633CD00156AC1 /* Base */,
			);
			name = LaunchScreen.storyboard;
			sourceTree = "<group>";
		};
/* End PBXVariantGroup section */

/* Begin XCBuildConfiguration section */
		5D783259260633CD00156AC1 /* Debug */ = {
			isa = XCBuildConfiguration;
			buildSettings = {
				ALWAYS_SEARCH_USER_PATHS = NO;
				CLANG_ANALYZER_NONNULL = YES;
				CLANG_ANALYZER_NUMBER_OBJECT_CONVERSION = YES_AGGRESSIVE;
				CLANG_CXX_LANGUAGE_STANDARD = "gnu++14";
				CLANG_CXX_LIBRARY = "libc++";
				CLANG_ENABLE_MODULES = YES;
				CLANG_ENABLE_OBJC_ARC = YES;
				CLANG_ENABLE_OBJC_WEAK = YES;
				CLANG_WARN_BLOCK_CAPTURE_AUTORELEASING = YES;
				CLANG_WARN_BOOL_CONVERSION = YES;
				CLANG_WARN_COMMA = YES;
				CLANG_WARN_CONSTANT_CONVERSION = YES;
				CLANG_WARN_DEPRECATED_OBJC_IMPLEMENTATIONS = YES;
				CLANG_WARN_DIRECT_OBJC_ISA_USAGE = YES_ERROR;
				CLANG_WARN_DOCUMENTATION_COMMENTS = YES;
				CLANG_WARN_EMPTY_BODY = YES;
				CLANG_WARN_ENUM_CONVERSION = YES;
				CLANG_WARN_INFINITE_RECURSION = YES;
				CLANG_WARN_INT_CONVERSION = YES;
				CLANG_WARN_NON_LITERAL_NULL_CONVERSION = YES;
				CLANG_WARN_OBJC_IMPLICIT_RETAIN_SELF = YES;
				CLANG_WARN_OBJC_LITERAL_CONVERSION = YES;
				CLANG_WARN_OBJC_ROOT_CLASS = YES_ERROR;
				CLANG_WARN_QUOTED_INCLUDE_IN_FRAMEWORK_HEADER = YES;
				CLANG_WARN_RANGE_LOOP_ANALYSIS = YES;
				CLANG_WARN_STRICT_PROTOTYPES = YES;
				CLANG_WARN_SUSPICIOUS_MOVE = YES;
				CLANG_WARN_UNGUARDED_AVAILABILITY = YES_AGGRESSIVE;
				CLANG_WARN_UNREACHABLE_CODE = YES;
				CLANG_WARN__DUPLICATE_METHOD_MATCH = YES;
				COPY_PHASE_STRIP = NO;
				DEBUG_INFORMATION_FORMAT = dwarf;
				ENABLE_STRICT_OBJC_MSGSEND = YES;
				ENABLE_TESTABILITY = YES;
				GCC_C_LANGUAGE_STANDARD = gnu11;
				GCC_DYNAMIC_NO_PIC = NO;
				GCC_NO_COMMON_BLOCKS = YES;
				GCC_OPTIMIZATION_LEVEL = 0;
				GCC_PREPROCESSOR_DEFINITIONS = (
					"DEBUG=1",
					"$(inherited)",
				);
				GCC_WARN_64_TO_32_BIT_CONVERSION = YES;
				GCC_WARN_ABOUT_RETURN_TYPE = YES_ERROR;
				GCC_WARN_UNDECLARED_SELECTOR = YES;
				GCC_WARN_UNINITIALIZED_AUTOS = YES_AGGRESSIVE;
				GCC_WARN_UNUSED_FUNCTION = YES;
				GCC_WARN_UNUSED_VARIABLE = YES;
				IPHONEOS_DEPLOYMENT_TARGET = 14.4;
				MTL_ENABLE_DEBUG_INFO = INCLUDE_SOURCE;
				MTL_FAST_MATH = YES;
				ONLY_ACTIVE_ARCH = YES;
				SDKROOT = iphoneos;
				SWIFT_ACTIVE_COMPILATION_CONDITIONS = DEBUG;
				SWIFT_OPTIMIZATION_LEVEL = "-Onone";
			};
			name = Debug;
		};
		5D78325A260633CD00156AC1 /* Release */ = {
			isa = XCBuildConfiguration;
			buildSettings = {
				ALWAYS_SEARCH_USER_PATHS = NO;
				CLANG_ANALYZER_NONNULL = YES;
				CLANG_ANALYZER_NUMBER_OBJECT_CONVERSION = YES_AGGRESSIVE;
				CLANG_CXX_LANGUAGE_STANDARD = "gnu++14";
				CLANG_CXX_LIBRARY = "libc++";
				CLANG_ENABLE_MODULES = YES;
				CLANG_ENABLE_OBJC_ARC = YES;
				CLANG_ENABLE_OBJC_WEAK = YES;
				CLANG_WARN_BLOCK_CAPTURE_AUTORELEASING = YES;
				CLANG_WARN_BOOL_CONVERSION = YES;
				CLANG_WARN_COMMA = YES;
				CLANG_WARN_CONSTANT_CONVERSION = YES;
				CLANG_WARN_DEPRECATED_OBJC_IMPLEMENTATIONS = YES;
				CLANG_WARN_DIRECT_OBJC_ISA_USAGE = YES_ERROR;
				CLANG_WARN_DOCUMENTATION_COMMENTS = YES;
				CLANG_WARN_EMPTY_BODY = YES;
				CLANG_WARN_ENUM_CONVERSION = YES;
				CLANG_WARN_INFINITE_RECURSION = YES;
				CLANG_WARN_INT_CONVERSION = YES;
				CLANG_WARN_NON_LITERAL_NULL_CONVERSION = YES;
				CLANG_WARN_OBJC_IMPLICIT_RETAIN_SELF = YES;
				CLANG_WARN_OBJC_LITERAL_CONVERSION = YES;
				CLANG_WARN_OBJC_ROOT_CLASS = YES_ERROR;
				CLANG_WARN_QUOTED_INCLUDE_IN_FRAMEWORK_HEADER = YES;
				CLANG_WARN_RANGE_LOOP_ANALYSIS = YES;
				CLANG_WARN_STRICT_PROTOTYPES = YES;
				CLANG_WARN_SUSPICIOUS_MOVE = YES;
				CLANG_WARN_UNGUARDED_AVAILABILITY = YES_AGGRESSIVE;
				CLANG_WARN_UNREACHABLE_CODE = YES;
				CLANG_WARN__DUPLICATE_METHOD_MATCH = YES;
				COPY_PHASE_STRIP = NO;
				DEBUG_INFORMATION_FORMAT = "dwarf-with-dsym";
				ENABLE_NS_ASSERTIONS = NO;
				ENABLE_STRICT_OBJC_MSGSEND = YES;
				GCC_C_LANGUAGE_STANDARD = gnu11;
				GCC_NO_COMMON_BLOCKS = YES;
				GCC_WARN_64_TO_32_BIT_CONVERSION = YES;
				GCC_WARN_ABOUT_RETURN_TYPE = YES_ERROR;
				GCC_WARN_UNDECLARED_SELECTOR = YES;
				GCC_WARN_UNINITIALIZED_AUTOS = YES_AGGRESSIVE;
				GCC_WARN_UNUSED_FUNCTION = YES;
				GCC_WARN_UNUSED_VARIABLE = YES;
				IPHONEOS_DEPLOYMENT_TARGET = 14.4;
				MTL_ENABLE_DEBUG_INFO = NO;
				MTL_FAST_MATH = YES;
				SDKROOT = iphoneos;
				SWIFT_COMPILATION_MODE = wholemodule;
				SWIFT_OPTIMIZATION_LEVEL = "-O";
				VALIDATE_PRODUCT = YES;
			};
			name = Release;
		};
		5D78325C260633CD00156AC1 /* Debug */ = {
			isa = XCBuildConfiguration;
			baseConfigurationReference = 1A7A157AF2D4694EF668B4BB /* Pods-NDA.debug.xcconfig */;
			buildSettings = {
				ASSETCATALOG_COMPILER_APPICON_NAME = AppIcon;
				ASSETCATALOG_COMPILER_GLOBAL_ACCENT_COLOR_NAME = AccentColor;
				CODE_SIGN_STYLE = Automatic;
				DEVELOPMENT_TEAM = L5MPRJ673N;
				INFOPLIST_FILE = NDA/Info.plist;
				LD_RUNPATH_SEARCH_PATHS = (
					"$(inherited)",
					"@executable_path/Frameworks",
				);
				PRODUCT_BUNDLE_IDENTIFIER = "-.NDA";
				PRODUCT_NAME = "$(TARGET_NAME)";
				SWIFT_VERSION = 5.0;
				TARGETED_DEVICE_FAMILY = "1,2";
			};
			name = Debug;
		};
		5D78325D260633CD00156AC1 /* Release */ = {
			isa = XCBuildConfiguration;
			baseConfigurationReference = 315F67BF625E044E56CB8C18 /* Pods-NDA.release.xcconfig */;
			buildSettings = {
				ASSETCATALOG_COMPILER_APPICON_NAME = AppIcon;
				ASSETCATALOG_COMPILER_GLOBAL_ACCENT_COLOR_NAME = AccentColor;
				CODE_SIGN_STYLE = Automatic;
				DEVELOPMENT_TEAM = L5MPRJ673N;
				INFOPLIST_FILE = NDA/Info.plist;
				LD_RUNPATH_SEARCH_PATHS = (
					"$(inherited)",
					"@executable_path/Frameworks",
				);
				PRODUCT_BUNDLE_IDENTIFIER = "-.NDA";
				PRODUCT_NAME = "$(TARGET_NAME)";
				SWIFT_VERSION = 5.0;
				TARGETED_DEVICE_FAMILY = "1,2";
			};
			name = Release;
		};
/* End XCBuildConfiguration section */

/* Begin XCConfigurationList section */
		5D783242260633CA00156AC1 /* Build configuration list for PBXProject "NDA" */ = {
			isa = XCConfigurationList;
			buildConfigurations = (
				5D783259260633CD00156AC1 /* Debug */,
				5D78325A260633CD00156AC1 /* Release */,
			);
			defaultConfigurationIsVisible = 0;
			defaultConfigurationName = Release;
		};
		5D78325B260633CD00156AC1 /* Build configuration list for PBXNativeTarget "NDA" */ = {
			isa = XCConfigurationList;
			buildConfigurations = (
				5D78325C260633CD00156AC1 /* Debug */,
				5D78325D260633CD00156AC1 /* Release */,
			);
			defaultConfigurationIsVisible = 0;
			defaultConfigurationName = Release;
		};
/* End XCConfigurationList section */
	};
	rootObject = 5D78323F260633CA00156AC1 /* Project object */;
}
